// !$*UTF8*$!
{
	archiveVersion = 1;
	classes = {
	};
	objectVersion = 46;
	objects = {

/* Begin PBXBuildFile section */
		627950D9194E900700FDB24E /* SEAppDelegate.swift in Sources */ = {isa = PBXBuildFile; fileRef = 627950D8194E900700FDB24E /* SEAppDelegate.swift */; };
		627950DE194E900700FDB24E /* Main.storyboard in Resources */ = {isa = PBXBuildFile; fileRef = 627950DC194E900700FDB24E /* Main.storyboard */; };
		627950E0194E900700FDB24E /* Images.xcassets in Resources */ = {isa = PBXBuildFile; fileRef = 627950DF194E900700FDB24E /* Images.xcassets */; };
		627950EC194E900700FDB24E /* sechiTests.swift in Sources */ = {isa = PBXBuildFile; fileRef = 627950EB194E900700FDB24E /* sechiTests.swift */; };
		62795107194E90B600FDB24E /* libRestKit.a in Frameworks */ = {isa = PBXBuildFile; fileRef = 627950FE194E903D00FDB24E /* libRestKit.a */; };
		62AED4C0194E953A00DE0817 /* SEClientAddressViewController.swift in Sources */ = {isa = PBXBuildFile; fileRef = 62AED4A7194E953A00DE0817 /* SEClientAddressViewController.swift */; };
		62AED4C1194E953A00DE0817 /* SEClientAddViewController.swift in Sources */ = {isa = PBXBuildFile; fileRef = 62AED4A8194E953A00DE0817 /* SEClientAddViewController.swift */; };
		62AED4C2194E953A00DE0817 /* SEClientEditViewController.swift in Sources */ = {isa = PBXBuildFile; fileRef = 62AED4A9194E953A00DE0817 /* SEClientEditViewController.swift */; };
		62AED4C3194E953A00DE0817 /* SEClientMapViewController.swift in Sources */ = {isa = PBXBuildFile; fileRef = 62AED4AA194E953A00DE0817 /* SEClientMapViewController.swift */; };
		62AED4C4194E953A00DE0817 /* SEClientsViewController.swift in Sources */ = {isa = PBXBuildFile; fileRef = 62AED4AB194E953A00DE0817 /* SEClientsViewController.swift */; };
		62AED4C5194E953A00DE0817 /* SEClientViewController.swift in Sources */ = {isa = PBXBuildFile; fileRef = 62AED4AC194E953A00DE0817 /* SEClientViewController.swift */; };
		62AED4C6194E953A00DE0817 /* SEGalleryViewController.swift in Sources */ = {isa = PBXBuildFile; fileRef = 62AED4AD194E953A00DE0817 /* SEGalleryViewController.swift */; };
		62AED4C7194E953A00DE0817 /* SEJobAddressEditViewController.swift in Sources */ = {isa = PBXBuildFile; fileRef = 62AED4AE194E953A00DE0817 /* SEJobAddressEditViewController.swift */; };
		62AED4C8194E953A00DE0817 /* SEJobAddViewController.swift in Sources */ = {isa = PBXBuildFile; fileRef = 62AED4AF194E953A00DE0817 /* SEJobAddViewController.swift */; };
		62AED4C9194E953A00DE0817 /* SEJobClientInfoEditViewController.swift in Sources */ = {isa = PBXBuildFile; fileRef = 62AED4B0194E953A00DE0817 /* SEJobClientInfoEditViewController.swift */; };
		62AED4CA194E953A00DE0817 /* SEJobMapViewController.swift in Sources */ = {isa = PBXBuildFile; fileRef = 62AED4B1194E953A00DE0817 /* SEJobMapViewController.swift */; };
		62AED4CB194E953A00DE0817 /* SEJobNotesEditViewController.swift in Sources */ = {isa = PBXBuildFile; fileRef = 62AED4B2194E953A00DE0817 /* SEJobNotesEditViewController.swift */; };
		62AED4CC194E953A00DE0817 /* SEJobsViewController.swift in Sources */ = {isa = PBXBuildFile; fileRef = 62AED4B3194E953A00DE0817 /* SEJobsViewController.swift */; };
		62AED4CD194E953A00DE0817 /* SEJobViewController.swift in Sources */ = {isa = PBXBuildFile; fileRef = 62AED4B4194E953A00DE0817 /* SEJobViewController.swift */; };
		62AED4CE194E953A00DE0817 /* SEMainMenuViewController.swift in Sources */ = {isa = PBXBuildFile; fileRef = 62AED4B5194E953A00DE0817 /* SEMainMenuViewController.swift */; };
		62AED4CF194E953A00DE0817 /* SENoStatusBarImagePickerController.swift in Sources */ = {isa = PBXBuildFile; fileRef = 62AED4B6194E953A00DE0817 /* SENoStatusBarImagePickerController.swift */; };
		62AED4D0194E953A00DE0817 /* SEPartsViewController.swift in Sources */ = {isa = PBXBuildFile; fileRef = 62AED4B7194E953A00DE0817 /* SEPartsViewController.swift */; };
		62AED4D1194E953A00DE0817 /* SEPaymentAddViewController.swift in Sources */ = {isa = PBXBuildFile; fileRef = 62AED4B8194E953A00DE0817 /* SEPaymentAddViewController.swift */; };
		62AED4D2194E953A00DE0817 /* SEPaymentEditViewController.swift in Sources */ = {isa = PBXBuildFile; fileRef = 62AED4B9194E953A00DE0817 /* SEPaymentEditViewController.swift */; };
		62AED4D3194E953A00DE0817 /* SEPaymentsViewController.swift in Sources */ = {isa = PBXBuildFile; fileRef = 62AED4BA194E953A00DE0817 /* SEPaymentsViewController.swift */; };
		62AED4D4194E953A00DE0817 /* SEPaymentViewController.swift in Sources */ = {isa = PBXBuildFile; fileRef = 62AED4BB194E953A00DE0817 /* SEPaymentViewController.swift */; };
		62AED4D5194E953A00DE0817 /* SEPhotoViewController.swift in Sources */ = {isa = PBXBuildFile; fileRef = 62AED4BC194E953A00DE0817 /* SEPhotoViewController.swift */; };
		62AED4D6194E953A00DE0817 /* SEProductsScannerViewController.swift in Sources */ = {isa = PBXBuildFile; fileRef = 62AED4BD194E953A00DE0817 /* SEProductsScannerViewController.swift */; };
		62AED4D7194E953A00DE0817 /* SESignInViewController.swift in Sources */ = {isa = PBXBuildFile; fileRef = 62AED4BE194E953A00DE0817 /* SESignInViewController.swift */; };
		62AED4D8194E953A00DE0817 /* SEViewController.swift in Sources */ = {isa = PBXBuildFile; fileRef = 62AED4BF194E953A00DE0817 /* SEViewController.swift */; };
		62E23209194E92840077244C /* Model.xcdatamodeld in Sources */ = {isa = PBXBuildFile; fileRef = 62E23207194E92840077244C /* Model.xcdatamodeld */; };
		62E2320F194E92990077244C /* SEClient.swift in Sources */ = {isa = PBXBuildFile; fileRef = 62E2320A194E92990077244C /* SEClient.swift */; };
		62E23210194E92990077244C /* SEJob.swift in Sources */ = {isa = PBXBuildFile; fileRef = 62E2320B194E92990077244C /* SEJob.swift */; };
		62E23211194E92990077244C /* SEJobPhotoInfo.swift in Sources */ = {isa = PBXBuildFile; fileRef = 62E2320C194E92990077244C /* SEJobPhotoInfo.swift */; };
		62E23212194E92990077244C /* SEPayment.swift in Sources */ = {isa = PBXBuildFile; fileRef = 62E2320D194E92990077244C /* SEPayment.swift */; };
		62E23213194E92990077244C /* SEProduct.swift in Sources */ = {isa = PBXBuildFile; fileRef = 62E2320E194E92990077244C /* SEProduct.swift */; };
		62E23216194E92C50077244C /* SERestClient.swift in Sources */ = {isa = PBXBuildFile; fileRef = 62E23215194E92C50077244C /* SERestClient.swift */; };
		62E23219194E93B00077244C /* SEPushNoAnimationSegue.swift in Sources */ = {isa = PBXBuildFile; fileRef = 62E23218194E93B00077244C /* SEPushNoAnimationSegue.swift */; };
		62E23236194E93D10077244C /* bg@2x.png in Resources */ = {isa = PBXBuildFile; fileRef = 62E2321B194E93D10077244C /* bg@2x.png */; };
		62E23237194E93D10077244C /* bg_content@2x.png in Resources */ = {isa = PBXBuildFile; fileRef = 62E2321C194E93D10077244C /* bg_content@2x.png */; };
		62E23238194E93D10077244C /* btn_add@2x.png in Resources */ = {isa = PBXBuildFile; fileRef = 62E2321D194E93D10077244C /* btn_add@2x.png */; };
		62E23239194E93D10077244C /* btn_add_photo@2x.png in Resources */ = {isa = PBXBuildFile; fileRef = 62E2321E194E93D10077244C /* btn_add_photo@2x.png */; };
		62E2323A194E93D10077244C /* btn_back@2x.png in Resources */ = {isa = PBXBuildFile; fileRef = 62E2321F194E93D10077244C /* btn_back@2x.png */; };
		62E2323B194E93D10077244C /* btn_call@2x.png in Resources */ = {isa = PBXBuildFile; fileRef = 62E23220194E93D10077244C /* btn_call@2x.png */; };
		62E2323C194E93D10077244C /* btn_delete@2x.png in Resources */ = {isa = PBXBuildFile; fileRef = 62E23221194E93D10077244C /* btn_delete@2x.png */; };
		62E2323D194E93D10077244C /* btn_map@2x.png in Resources */ = {isa = PBXBuildFile; fileRef = 62E23222194E93D10077244C /* btn_map@2x.png */; };
		62E2323E194E93D10077244C /* btn_more@2x.png in Resources */ = {isa = PBXBuildFile; fileRef = 62E23223194E93D10077244C /* btn_more@2x.png */; };
		62E2323F194E93D10077244C /* button_complete@2x.png in Resources */ = {isa = PBXBuildFile; fileRef = 62E23224194E93D10077244C /* button_complete@2x.png */; };
		62E23240194E93D10077244C /* button_directions@2x.png in Resources */ = {isa = PBXBuildFile; fileRef = 62E23225194E93D10077244C /* button_directions@2x.png */; };
		62E23241194E93D10077244C /* button_map@2x.png in Resources */ = {isa = PBXBuildFile; fileRef = 62E23226194E93D10077244C /* button_map@2x.png */; };
		62E23242194E93D10077244C /* button_signIn@2x.png in Resources */ = {isa = PBXBuildFile; fileRef = 62E23227194E93D10077244C /* button_signIn@2x.png */; };
		62E23243194E93D10077244C /* button_start@2x.png in Resources */ = {isa = PBXBuildFile; fileRef = 62E23228194E93D10077244C /* button_start@2x.png */; };
		62E23244194E93D10077244C /* cell_bg@2x.png in Resources */ = {isa = PBXBuildFile; fileRef = 62E23229194E93D10077244C /* cell_bg@2x.png */; };
		62E23245194E93D10077244C /* icon_status@2x.png in Resources */ = {isa = PBXBuildFile; fileRef = 62E2322A194E93D10077244C /* icon_status@2x.png */; };
		62E23246194E93D10077244C /* icon_status_active@2x.png in Resources */ = {isa = PBXBuildFile; fileRef = 62E2322B194E93D10077244C /* icon_status_active@2x.png */; };
		62E23247194E93D10077244C /* icon_status_small@2x.png in Resources */ = {isa = PBXBuildFile; fileRef = 62E2322C194E93D10077244C /* icon_status_small@2x.png */; };
		62E23248194E93D10077244C /* icon_status_small_active@2x.png in Resources */ = {isa = PBXBuildFile; fileRef = 62E2322D194E93D10077244C /* icon_status_small_active@2x.png */; };
		62E23249194E93D10077244C /* line_clients@2x.png in Resources */ = {isa = PBXBuildFile; fileRef = 62E2322E194E93D10077244C /* line_clients@2x.png */; };
		62E2324A194E93D10077244C /* line_dot@2x.png in Resources */ = {isa = PBXBuildFile; fileRef = 62E2322F194E93D10077244C /* line_dot@2x.png */; };
		62E2324B194E93D10077244C /* line_dot@2x.psd in Resources */ = {isa = PBXBuildFile; fileRef = 62E23230194E93D10077244C /* line_dot@2x.psd */; };
		62E2324C194E93D10077244C /* line_parts@2x.png in Resources */ = {isa = PBXBuildFile; fileRef = 62E23231194E93D10077244C /* line_parts@2x.png */; };
		62E2324D194E93D10077244C /* line_payment@2x.png in Resources */ = {isa = PBXBuildFile; fileRef = 62E23232194E93D10077244C /* line_payment@2x.png */; };
		62E2324E194E93D10077244C /* line_schedule@2x.png in Resources */ = {isa = PBXBuildFile; fileRef = 62E23233194E93D10077244C /* line_schedule@2x.png */; };
		62E2324F194E93D10077244C /* logo@2x.png in Resources */ = {isa = PBXBuildFile; fileRef = 62E23234194E93D10077244C /* logo@2x.png */; };
		62E23250194E93D10077244C /* schedule_navbar_bg@2x.png in Resources */ = {isa = PBXBuildFile; fileRef = 62E23235194E93D10077244C /* schedule_navbar_bg@2x.png */; };
		62E23255194E93E90077244C /* SEConstants.swift in Sources */ = {isa = PBXBuildFile; fileRef = 62E23252194E93E90077244C /* SEConstants.swift */; };
		62E23256194E93E90077244C /* UIImage+FixOrientation.swift in Sources */ = {isa = PBXBuildFile; fileRef = 62E23253194E93E90077244C /* UIImage+FixOrientation.swift */; };
		62E23257194E93E90077244C /* UIView+Hierarchy.swift in Sources */ = {isa = PBXBuildFile; fileRef = 62E23254194E93E90077244C /* UIView+Hierarchy.swift */; };
		62E23269194E942B0077244C /* SEClientAddressTableViewCell.swift in Sources */ = {isa = PBXBuildFile; fileRef = 62E23259194E942B0077244C /* SEClientAddressTableViewCell.swift */; };
		62E2326A194E942B0077244C /* SEClientInfoTableViewCell.swift in Sources */ = {isa = PBXBuildFile; fileRef = 62E2325A194E942B0077244C /* SEClientInfoTableViewCell.swift */; };
		62E2326B194E942B0077244C /* SEClientTableViewCell.swift in Sources */ = {isa = PBXBuildFile; fileRef = 62E2325B194E942B0077244C /* SEClientTableViewCell.swift */; };
		62E2326C194E942B0077244C /* SEJobAddressTableViewCell.swift in Sources */ = {isa = PBXBuildFile; fileRef = 62E2325C194E942B0077244C /* SEJobAddressTableViewCell.swift */; };
		62E2326D194E942B0077244C /* SEJobClientInfoTableViewCell.swift in Sources */ = {isa = PBXBuildFile; fileRef = 62E2325D194E942B0077244C /* SEJobClientInfoTableViewCell.swift */; };
		62E2326E194E942B0077244C /* SEJobHoursTableViewCell.swift in Sources */ = {isa = PBXBuildFile; fileRef = 62E2325E194E942B0077244C /* SEJobHoursTableViewCell.swift */; };
		62E2326F194E942B0077244C /* SEJobNotesTableViewCell.swift in Sources */ = {isa = PBXBuildFile; fileRef = 62E2325F194E942B0077244C /* SEJobNotesTableViewCell.swift */; };
		62E23270194E942B0077244C /* SEJobPhotosTableViewCell.swift in Sources */ = {isa = PBXBuildFile; fileRef = 62E23260194E942B0077244C /* SEJobPhotosTableViewCell.swift */; };
		62E23271194E942B0077244C /* SEJobTableViewCell.swift in Sources */ = {isa = PBXBuildFile; fileRef = 62E23261194E942B0077244C /* SEJobTableViewCell.swift */; };
		62E23272194E942B0077244C /* SEPaymentInfoTableViewCell.swift in Sources */ = {isa = PBXBuildFile; fileRef = 62E23262194E942B0077244C /* SEPaymentInfoTableViewCell.swift */; };
		62E23273194E942B0077244C /* SEPaymentTableViewCell.swift in Sources */ = {isa = PBXBuildFile; fileRef = 62E23263194E942B0077244C /* SEPaymentTableViewCell.swift */; };
		62E23274194E942B0077244C /* SEProductTableViewCell.swift in Sources */ = {isa = PBXBuildFile; fileRef = 62E23264194E942B0077244C /* SEProductTableViewCell.swift */; };
		62E23275194E942B0077244C /* SESwipeableTableViewCell.swift in Sources */ = {isa = PBXBuildFile; fileRef = 62E23265194E942B0077244C /* SESwipeableTableViewCell.swift */; };
		62E23276194E942B0077244C /* SETextField.swift in Sources */ = {isa = PBXBuildFile; fileRef = 62E23266194E942B0077244C /* SETextField.swift */; };
		62E23277194E942B0077244C /* SETextFieldTableViewCell.swift in Sources */ = {isa = PBXBuildFile; fileRef = 62E23267194E942B0077244C /* SETextFieldTableViewCell.swift */; };
		62E23278194E942B0077244C /* SETextView.swift in Sources */ = {isa = PBXBuildFile; fileRef = 62E23268194E942B0077244C /* SETextView.swift */; };
/* End PBXBuildFile section */

/* Begin PBXContainerItemProxy section */
		627950E6194E900700FDB24E /* PBXContainerItemProxy */ = {
			isa = PBXContainerItemProxy;
			containerPortal = 627950CB194E900700FDB24E /* Project object */;
			proxyType = 1;
			remoteGlobalIDString = 627950D2194E900700FDB24E;
			remoteInfo = sechi;
		};
		627950FD194E903D00FDB24E /* PBXContainerItemProxy */ = {
			isa = PBXContainerItemProxy;
			containerPortal = 627950F6194E903D00FDB24E /* RestKit.xcodeproj */;
			proxyType = 2;
			remoteGlobalIDString = 25160D1614564E810060A5C5;
			remoteInfo = RestKit;
		};
		627950FF194E903D00FDB24E /* PBXContainerItemProxy */ = {
			isa = PBXContainerItemProxy;
			containerPortal = 627950F6194E903D00FDB24E /* RestKit.xcodeproj */;
			proxyType = 2;
			remoteGlobalIDString = 25160D2614564E820060A5C5;
			remoteInfo = RestKitTests;
		};
		62795101194E903D00FDB24E /* PBXContainerItemProxy */ = {
			isa = PBXContainerItemProxy;
			containerPortal = 627950F6194E903D00FDB24E /* RestKit.xcodeproj */;
			proxyType = 2;
			remoteGlobalIDString = 25160E62145651060060A5C5;
			remoteInfo = RestKitFramework;
		};
		62795103194E903D00FDB24E /* PBXContainerItemProxy */ = {
			isa = PBXContainerItemProxy;
			containerPortal = 627950F6194E903D00FDB24E /* RestKit.xcodeproj */;
			proxyType = 2;
			remoteGlobalIDString = 25160E78145651060060A5C5;
			remoteInfo = RestKitFrameworkTests;
		};
		62795105194E90A600FDB24E /* PBXContainerItemProxy */ = {
			isa = PBXContainerItemProxy;
			containerPortal = 627950F6194E903D00FDB24E /* RestKit.xcodeproj */;
			proxyType = 1;
			remoteGlobalIDString = 25160D1514564E810060A5C5;
			remoteInfo = RestKit;
		};
/* End PBXContainerItemProxy section */

/* Begin PBXFileReference section */
		627950D3194E900700FDB24E /* sechi.app */ = {isa = PBXFileReference; explicitFileType = wrapper.application; includeInIndex = 0; path = sechi.app; sourceTree = BUILT_PRODUCTS_DIR; };
		627950D7194E900700FDB24E /* Info.plist */ = {isa = PBXFileReference; lastKnownFileType = text.plist.xml; path = Info.plist; sourceTree = "<group>"; };
		627950D8194E900700FDB24E /* SEAppDelegate.swift */ = {isa = PBXFileReference; lastKnownFileType = sourcecode.swift; path = SEAppDelegate.swift; sourceTree = "<group>"; };
		627950DD194E900700FDB24E /* Base */ = {isa = PBXFileReference; lastKnownFileType = file.storyboard; name = Base; path = Base.lproj/Main.storyboard; sourceTree = "<group>"; };
		627950DF194E900700FDB24E /* Images.xcassets */ = {isa = PBXFileReference; lastKnownFileType = folder.assetcatalog; path = Images.xcassets; sourceTree = "<group>"; };
		627950E5194E900700FDB24E /* sechiTests.xctest */ = {isa = PBXFileReference; explicitFileType = wrapper.cfbundle; includeInIndex = 0; path = sechiTests.xctest; sourceTree = BUILT_PRODUCTS_DIR; };
		627950EA194E900700FDB24E /* Info.plist */ = {isa = PBXFileReference; lastKnownFileType = text.plist.xml; path = Info.plist; sourceTree = "<group>"; };
		627950EB194E900700FDB24E /* sechiTests.swift */ = {isa = PBXFileReference; lastKnownFileType = sourcecode.swift; path = sechiTests.swift; sourceTree = "<group>"; };
		627950F6194E903D00FDB24E /* RestKit.xcodeproj */ = {isa = PBXFileReference; lastKnownFileType = "wrapper.pb-project"; name = RestKit.xcodeproj; path = RestKit/RestKit.xcodeproj; sourceTree = "<group>"; };
		62AED4A7194E953A00DE0817 /* SEClientAddressViewController.swift */ = {isa = PBXFileReference; fileEncoding = 4; lastKnownFileType = sourcecode.swift; path = SEClientAddressViewController.swift; sourceTree = "<group>"; };
		62AED4A8194E953A00DE0817 /* SEClientAddViewController.swift */ = {isa = PBXFileReference; fileEncoding = 4; lastKnownFileType = sourcecode.swift; path = SEClientAddViewController.swift; sourceTree = "<group>"; };
		62AED4A9194E953A00DE0817 /* SEClientEditViewController.swift */ = {isa = PBXFileReference; fileEncoding = 4; lastKnownFileType = sourcecode.swift; path = SEClientEditViewController.swift; sourceTree = "<group>"; };
		62AED4AA194E953A00DE0817 /* SEClientMapViewController.swift */ = {isa = PBXFileReference; fileEncoding = 4; lastKnownFileType = sourcecode.swift; path = SEClientMapViewController.swift; sourceTree = "<group>"; };
		62AED4AB194E953A00DE0817 /* SEClientsViewController.swift */ = {isa = PBXFileReference; fileEncoding = 4; lastKnownFileType = sourcecode.swift; path = SEClientsViewController.swift; sourceTree = "<group>"; };
		62AED4AC194E953A00DE0817 /* SEClientViewController.swift */ = {isa = PBXFileReference; fileEncoding = 4; lastKnownFileType = sourcecode.swift; path = SEClientViewController.swift; sourceTree = "<group>"; };
		62AED4AD194E953A00DE0817 /* SEGalleryViewController.swift */ = {isa = PBXFileReference; fileEncoding = 4; lastKnownFileType = sourcecode.swift; path = SEGalleryViewController.swift; sourceTree = "<group>"; };
		62AED4AE194E953A00DE0817 /* SEJobAddressEditViewController.swift */ = {isa = PBXFileReference; fileEncoding = 4; lastKnownFileType = sourcecode.swift; path = SEJobAddressEditViewController.swift; sourceTree = "<group>"; };
		62AED4AF194E953A00DE0817 /* SEJobAddViewController.swift */ = {isa = PBXFileReference; fileEncoding = 4; lastKnownFileType = sourcecode.swift; path = SEJobAddViewController.swift; sourceTree = "<group>"; };
		62AED4B0194E953A00DE0817 /* SEJobClientInfoEditViewController.swift */ = {isa = PBXFileReference; fileEncoding = 4; lastKnownFileType = sourcecode.swift; path = SEJobClientInfoEditViewController.swift; sourceTree = "<group>"; };
		62AED4B1194E953A00DE0817 /* SEJobMapViewController.swift */ = {isa = PBXFileReference; fileEncoding = 4; lastKnownFileType = sourcecode.swift; path = SEJobMapViewController.swift; sourceTree = "<group>"; };
		62AED4B2194E953A00DE0817 /* SEJobNotesEditViewController.swift */ = {isa = PBXFileReference; fileEncoding = 4; lastKnownFileType = sourcecode.swift; path = SEJobNotesEditViewController.swift; sourceTree = "<group>"; };
		62AED4B3194E953A00DE0817 /* SEJobsViewController.swift */ = {isa = PBXFileReference; fileEncoding = 4; lastKnownFileType = sourcecode.swift; path = SEJobsViewController.swift; sourceTree = "<group>"; };
		62AED4B4194E953A00DE0817 /* SEJobViewController.swift */ = {isa = PBXFileReference; fileEncoding = 4; lastKnownFileType = sourcecode.swift; path = SEJobViewController.swift; sourceTree = "<group>"; };
		62AED4B5194E953A00DE0817 /* SEMainMenuViewController.swift */ = {isa = PBXFileReference; fileEncoding = 4; lastKnownFileType = sourcecode.swift; path = SEMainMenuViewController.swift; sourceTree = "<group>"; };
		62AED4B6194E953A00DE0817 /* SENoStatusBarImagePickerController.swift */ = {isa = PBXFileReference; fileEncoding = 4; lastKnownFileType = sourcecode.swift; path = SENoStatusBarImagePickerController.swift; sourceTree = "<group>"; };
		62AED4B7194E953A00DE0817 /* SEPartsViewController.swift */ = {isa = PBXFileReference; fileEncoding = 4; lastKnownFileType = sourcecode.swift; path = SEPartsViewController.swift; sourceTree = "<group>"; };
		62AED4B8194E953A00DE0817 /* SEPaymentAddViewController.swift */ = {isa = PBXFileReference; fileEncoding = 4; lastKnownFileType = sourcecode.swift; path = SEPaymentAddViewController.swift; sourceTree = "<group>"; };
		62AED4B9194E953A00DE0817 /* SEPaymentEditViewController.swift */ = {isa = PBXFileReference; fileEncoding = 4; lastKnownFileType = sourcecode.swift; path = SEPaymentEditViewController.swift; sourceTree = "<group>"; };
		62AED4BA194E953A00DE0817 /* SEPaymentsViewController.swift */ = {isa = PBXFileReference; fileEncoding = 4; lastKnownFileType = sourcecode.swift; path = SEPaymentsViewController.swift; sourceTree = "<group>"; };
		62AED4BB194E953A00DE0817 /* SEPaymentViewController.swift */ = {isa = PBXFileReference; fileEncoding = 4; lastKnownFileType = sourcecode.swift; path = SEPaymentViewController.swift; sourceTree = "<group>"; };
		62AED4BC194E953A00DE0817 /* SEPhotoViewController.swift */ = {isa = PBXFileReference; fileEncoding = 4; lastKnownFileType = sourcecode.swift; path = SEPhotoViewController.swift; sourceTree = "<group>"; };
		62AED4BD194E953A00DE0817 /* SEProductsScannerViewController.swift */ = {isa = PBXFileReference; fileEncoding = 4; lastKnownFileType = sourcecode.swift; path = SEProductsScannerViewController.swift; sourceTree = "<group>"; };
		62AED4BE194E953A00DE0817 /* SESignInViewController.swift */ = {isa = PBXFileReference; fileEncoding = 4; lastKnownFileType = sourcecode.swift; path = SESignInViewController.swift; sourceTree = "<group>"; };
		62AED4BF194E953A00DE0817 /* SEViewController.swift */ = {isa = PBXFileReference; fileEncoding = 4; lastKnownFileType = sourcecode.swift; path = SEViewController.swift; sourceTree = "<group>"; };
		62E23205194E91C60077244C /* sechi-Bridging-Header.h */ = {isa = PBXFileReference; fileEncoding = 4; lastKnownFileType = sourcecode.c.h; path = "sechi-Bridging-Header.h"; sourceTree = "<group>"; };
		62E23208194E92840077244C /* Model.xcdatamodel */ = {isa = PBXFileReference; lastKnownFileType = wrapper.xcdatamodel; path = Model.xcdatamodel; sourceTree = "<group>"; };
		62E2320A194E92990077244C /* SEClient.swift */ = {isa = PBXFileReference; fileEncoding = 4; lastKnownFileType = sourcecode.swift; path = SEClient.swift; sourceTree = "<group>"; };
		62E2320B194E92990077244C /* SEJob.swift */ = {isa = PBXFileReference; fileEncoding = 4; lastKnownFileType = sourcecode.swift; path = SEJob.swift; sourceTree = "<group>"; };
		62E2320C194E92990077244C /* SEJobPhotoInfo.swift */ = {isa = PBXFileReference; fileEncoding = 4; lastKnownFileType = sourcecode.swift; path = SEJobPhotoInfo.swift; sourceTree = "<group>"; };
		62E2320D194E92990077244C /* SEPayment.swift */ = {isa = PBXFileReference; fileEncoding = 4; lastKnownFileType = sourcecode.swift; path = SEPayment.swift; sourceTree = "<group>"; };
		62E2320E194E92990077244C /* SEProduct.swift */ = {isa = PBXFileReference; fileEncoding = 4; lastKnownFileType = sourcecode.swift; path = SEProduct.swift; sourceTree = "<group>"; };
		62E23215194E92C50077244C /* SERestClient.swift */ = {isa = PBXFileReference; fileEncoding = 4; lastKnownFileType = sourcecode.swift; path = SERestClient.swift; sourceTree = "<group>"; };
		62E23218194E93B00077244C /* SEPushNoAnimationSegue.swift */ = {isa = PBXFileReference; fileEncoding = 4; lastKnownFileType = sourcecode.swift; path = SEPushNoAnimationSegue.swift; sourceTree = "<group>"; };
		62E2321B194E93D10077244C /* bg@2x.png */ = {isa = PBXFileReference; lastKnownFileType = image.png; path = "bg@2x.png"; sourceTree = "<group>"; };
		62E2321C194E93D10077244C /* bg_content@2x.png */ = {isa = PBXFileReference; lastKnownFileType = image.png; path = "bg_content@2x.png"; sourceTree = "<group>"; };
		62E2321D194E93D10077244C /* btn_add@2x.png */ = {isa = PBXFileReference; lastKnownFileType = image.png; path = "btn_add@2x.png"; sourceTree = "<group>"; };
		62E2321E194E93D10077244C /* btn_add_photo@2x.png */ = {isa = PBXFileReference; lastKnownFileType = image.png; path = "btn_add_photo@2x.png"; sourceTree = "<group>"; };
		62E2321F194E93D10077244C /* btn_back@2x.png */ = {isa = PBXFileReference; lastKnownFileType = image.png; path = "btn_back@2x.png"; sourceTree = "<group>"; };
		62E23220194E93D10077244C /* btn_call@2x.png */ = {isa = PBXFileReference; lastKnownFileType = image.png; path = "btn_call@2x.png"; sourceTree = "<group>"; };
		62E23221194E93D10077244C /* btn_delete@2x.png */ = {isa = PBXFileReference; lastKnownFileType = image.png; path = "btn_delete@2x.png"; sourceTree = "<group>"; };
		62E23222194E93D10077244C /* btn_map@2x.png */ = {isa = PBXFileReference; lastKnownFileType = image.png; path = "btn_map@2x.png"; sourceTree = "<group>"; };
		62E23223194E93D10077244C /* btn_more@2x.png */ = {isa = PBXFileReference; lastKnownFileType = image.png; path = "btn_more@2x.png"; sourceTree = "<group>"; };
		62E23224194E93D10077244C /* button_complete@2x.png */ = {isa = PBXFileReference; lastKnownFileType = image.png; path = "button_complete@2x.png"; sourceTree = "<group>"; };
		62E23225194E93D10077244C /* button_directions@2x.png */ = {isa = PBXFileReference; lastKnownFileType = image.png; path = "button_directions@2x.png"; sourceTree = "<group>"; };
		62E23226194E93D10077244C /* button_map@2x.png */ = {isa = PBXFileReference; lastKnownFileType = image.png; path = "button_map@2x.png"; sourceTree = "<group>"; };
		62E23227194E93D10077244C /* button_signIn@2x.png */ = {isa = PBXFileReference; lastKnownFileType = image.png; path = "button_signIn@2x.png"; sourceTree = "<group>"; };
		62E23228194E93D10077244C /* button_start@2x.png */ = {isa = PBXFileReference; lastKnownFileType = image.png; path = "button_start@2x.png"; sourceTree = "<group>"; };
		62E23229194E93D10077244C /* cell_bg@2x.png */ = {isa = PBXFileReference; lastKnownFileType = image.png; path = "cell_bg@2x.png"; sourceTree = "<group>"; };
		62E2322A194E93D10077244C /* icon_status@2x.png */ = {isa = PBXFileReference; lastKnownFileType = image.png; path = "icon_status@2x.png"; sourceTree = "<group>"; };
		62E2322B194E93D10077244C /* icon_status_active@2x.png */ = {isa = PBXFileReference; lastKnownFileType = image.png; path = "icon_status_active@2x.png"; sourceTree = "<group>"; };
		62E2322C194E93D10077244C /* icon_status_small@2x.png */ = {isa = PBXFileReference; lastKnownFileType = image.png; path = "icon_status_small@2x.png"; sourceTree = "<group>"; };
		62E2322D194E93D10077244C /* icon_status_small_active@2x.png */ = {isa = PBXFileReference; lastKnownFileType = image.png; path = "icon_status_small_active@2x.png"; sourceTree = "<group>"; };
		62E2322E194E93D10077244C /* line_clients@2x.png */ = {isa = PBXFileReference; lastKnownFileType = image.png; path = "line_clients@2x.png"; sourceTree = "<group>"; };
		62E2322F194E93D10077244C /* line_dot@2x.png */ = {isa = PBXFileReference; lastKnownFileType = image.png; path = "line_dot@2x.png"; sourceTree = "<group>"; };
		62E23230194E93D10077244C /* line_dot@2x.psd */ = {isa = PBXFileReference; lastKnownFileType = file; path = "line_dot@2x.psd"; sourceTree = "<group>"; };
		62E23231194E93D10077244C /* line_parts@2x.png */ = {isa = PBXFileReference; lastKnownFileType = image.png; path = "line_parts@2x.png"; sourceTree = "<group>"; };
		62E23232194E93D10077244C /* line_payment@2x.png */ = {isa = PBXFileReference; lastKnownFileType = image.png; path = "line_payment@2x.png"; sourceTree = "<group>"; };
		62E23233194E93D10077244C /* line_schedule@2x.png */ = {isa = PBXFileReference; lastKnownFileType = image.png; path = "line_schedule@2x.png"; sourceTree = "<group>"; };
		62E23234194E93D10077244C /* logo@2x.png */ = {isa = PBXFileReference; lastKnownFileType = image.png; path = "logo@2x.png"; sourceTree = "<group>"; };
		62E23235194E93D10077244C /* schedule_navbar_bg@2x.png */ = {isa = PBXFileReference; lastKnownFileType = image.png; path = "schedule_navbar_bg@2x.png"; sourceTree = "<group>"; };
		62E23252194E93E90077244C /* SEConstants.swift */ = {isa = PBXFileReference; fileEncoding = 4; lastKnownFileType = sourcecode.swift; path = SEConstants.swift; sourceTree = "<group>"; };
		62E23253194E93E90077244C /* UIImage+FixOrientation.swift */ = {isa = PBXFileReference; fileEncoding = 4; lastKnownFileType = sourcecode.swift; path = "UIImage+FixOrientation.swift"; sourceTree = "<group>"; };
		62E23254194E93E90077244C /* UIView+Hierarchy.swift */ = {isa = PBXFileReference; fileEncoding = 4; lastKnownFileType = sourcecode.swift; path = "UIView+Hierarchy.swift"; sourceTree = "<group>"; };
		62E23259194E942B0077244C /* SEClientAddressTableViewCell.swift */ = {isa = PBXFileReference; fileEncoding = 4; lastKnownFileType = sourcecode.swift; path = SEClientAddressTableViewCell.swift; sourceTree = "<group>"; };
		62E2325A194E942B0077244C /* SEClientInfoTableViewCell.swift */ = {isa = PBXFileReference; fileEncoding = 4; lastKnownFileType = sourcecode.swift; path = SEClientInfoTableViewCell.swift; sourceTree = "<group>"; };
		62E2325B194E942B0077244C /* SEClientTableViewCell.swift */ = {isa = PBXFileReference; fileEncoding = 4; lastKnownFileType = sourcecode.swift; path = SEClientTableViewCell.swift; sourceTree = "<group>"; };
		62E2325C194E942B0077244C /* SEJobAddressTableViewCell.swift */ = {isa = PBXFileReference; fileEncoding = 4; lastKnownFileType = sourcecode.swift; path = SEJobAddressTableViewCell.swift; sourceTree = "<group>"; };
		62E2325D194E942B0077244C /* SEJobClientInfoTableViewCell.swift */ = {isa = PBXFileReference; fileEncoding = 4; lastKnownFileType = sourcecode.swift; path = SEJobClientInfoTableViewCell.swift; sourceTree = "<group>"; };
		62E2325E194E942B0077244C /* SEJobHoursTableViewCell.swift */ = {isa = PBXFileReference; fileEncoding = 4; lastKnownFileType = sourcecode.swift; path = SEJobHoursTableViewCell.swift; sourceTree = "<group>"; };
		62E2325F194E942B0077244C /* SEJobNotesTableViewCell.swift */ = {isa = PBXFileReference; fileEncoding = 4; lastKnownFileType = sourcecode.swift; path = SEJobNotesTableViewCell.swift; sourceTree = "<group>"; };
		62E23260194E942B0077244C /* SEJobPhotosTableViewCell.swift */ = {isa = PBXFileReference; fileEncoding = 4; lastKnownFileType = sourcecode.swift; path = SEJobPhotosTableViewCell.swift; sourceTree = "<group>"; };
		62E23261194E942B0077244C /* SEJobTableViewCell.swift */ = {isa = PBXFileReference; fileEncoding = 4; lastKnownFileType = sourcecode.swift; path = SEJobTableViewCell.swift; sourceTree = "<group>"; };
		62E23262194E942B0077244C /* SEPaymentInfoTableViewCell.swift */ = {isa = PBXFileReference; fileEncoding = 4; lastKnownFileType = sourcecode.swift; path = SEPaymentInfoTableViewCell.swift; sourceTree = "<group>"; };
		62E23263194E942B0077244C /* SEPaymentTableViewCell.swift */ = {isa = PBXFileReference; fileEncoding = 4; lastKnownFileType = sourcecode.swift; path = SEPaymentTableViewCell.swift; sourceTree = "<group>"; };
		62E23264194E942B0077244C /* SEProductTableViewCell.swift */ = {isa = PBXFileReference; fileEncoding = 4; lastKnownFileType = sourcecode.swift; path = SEProductTableViewCell.swift; sourceTree = "<group>"; };
		62E23265194E942B0077244C /* SESwipeableTableViewCell.swift */ = {isa = PBXFileReference; fileEncoding = 4; lastKnownFileType = sourcecode.swift; path = SESwipeableTableViewCell.swift; sourceTree = "<group>"; };
		62E23266194E942B0077244C /* SETextField.swift */ = {isa = PBXFileReference; fileEncoding = 4; lastKnownFileType = sourcecode.swift; path = SETextField.swift; sourceTree = "<group>"; };
		62E23267194E942B0077244C /* SETextFieldTableViewCell.swift */ = {isa = PBXFileReference; fileEncoding = 4; lastKnownFileType = sourcecode.swift; path = SETextFieldTableViewCell.swift; sourceTree = "<group>"; };
		62E23268194E942B0077244C /* SETextView.swift */ = {isa = PBXFileReference; fileEncoding = 4; lastKnownFileType = sourcecode.swift; path = SETextView.swift; sourceTree = "<group>"; };
/* End PBXFileReference section */

/* Begin PBXFrameworksBuildPhase section */
		627950D0194E900700FDB24E /* Frameworks */ = {
			isa = PBXFrameworksBuildPhase;
			buildActionMask = 2147483647;
			files = (
				62795107194E90B600FDB24E /* libRestKit.a in Frameworks */,
			);
			runOnlyForDeploymentPostprocessing = 0;
		};
		627950E2194E900700FDB24E /* Frameworks */ = {
			isa = PBXFrameworksBuildPhase;
			buildActionMask = 2147483647;
			files = (
			);
			runOnlyForDeploymentPostprocessing = 0;
		};
/* End PBXFrameworksBuildPhase section */

/* Begin PBXGroup section */
		627950CA194E900700FDB24E = {
			isa = PBXGroup;
			children = (
				627950D5194E900700FDB24E /* sechi */,
				627950E8194E900700FDB24E /* sechiTests */,
				627950D4194E900700FDB24E /* Products */,
				627950F5194E902C00FDB24E /* Frameworks */,
			);
			sourceTree = "<group>";
		};
		627950D4194E900700FDB24E /* Products */ = {
			isa = PBXGroup;
			children = (
				627950D3194E900700FDB24E /* sechi.app */,
				627950E5194E900700FDB24E /* sechiTests.xctest */,
			);
			name = Products;
			sourceTree = "<group>";
		};
		627950D5194E900700FDB24E /* sechi */ = {
			isa = PBXGroup;
			children = (
				62E23206194E92840077244C /* CoreData */,
				62E23214194E92C50077244C /* Networking */,
				62E23217194E93B00077244C /* Objects */,
				62E23251194E93E90077244C /* Utils */,
				62E23258194E942B0077244C /* Views */,
				62AED4A6194E953A00DE0817 /* ViewControllers */,
				62E2321A194E93D10077244C /* Resources */,
				627950D8194E900700FDB24E /* SEAppDelegate.swift */,
				627950DC194E900700FDB24E /* Main.storyboard */,
				627950DF194E900700FDB24E /* Images.xcassets */,
				627950D6194E900700FDB24E /* Supporting Files */,
			);
			path = sechi;
			sourceTree = "<group>";
		};
		627950D6194E900700FDB24E /* Supporting Files */ = {
			isa = PBXGroup;
			children = (
				62E23205194E91C60077244C /* sechi-Bridging-Header.h */,
				627950D7194E900700FDB24E /* Info.plist */,
			);
			name = "Supporting Files";
			sourceTree = "<group>";
		};
		627950E8194E900700FDB24E /* sechiTests */ = {
			isa = PBXGroup;
			children = (
				627950EB194E900700FDB24E /* sechiTests.swift */,
				627950E9194E900700FDB24E /* Supporting Files */,
			);
			path = sechiTests;
			sourceTree = "<group>";
		};
		627950E9194E900700FDB24E /* Supporting Files */ = {
			isa = PBXGroup;
			children = (
				627950EA194E900700FDB24E /* Info.plist */,
			);
			name = "Supporting Files";
			sourceTree = "<group>";
		};
		627950F5194E902C00FDB24E /* Frameworks */ = {
			isa = PBXGroup;
			children = (
				627950F6194E903D00FDB24E /* RestKit.xcodeproj */,
			);
			name = Frameworks;
			sourceTree = "<group>";
		};
		627950F7194E903D00FDB24E /* Products */ = {
			isa = PBXGroup;
			children = (
				627950FE194E903D00FDB24E /* libRestKit.a */,
				62795100194E903D00FDB24E /* RestKitTests.octest */,
				62795102194E903D00FDB24E /* RestKit.framework */,
				62795104194E903D00FDB24E /* RestKitFrameworkTests.octest */,
			);
			name = Products;
			sourceTree = "<group>";
		};
		62AED4A6194E953A00DE0817 /* ViewControllers */ = {
			isa = PBXGroup;
			children = (
				62AED4E1194E9EEB00DE0817 /* Product */,
				62AED4E0194E9ED400DE0817 /* Payment */,
				62AED4DF194E9EBD00DE0817 /* Photo */,
				62AED4DE194E9C9200DE0817 /* Schedule */,
				62AED4DD194E9C8300DE0817 /* Client */,
				62AED4B5194E953A00DE0817 /* SEMainMenuViewController.swift */,
				62AED4B6194E953A00DE0817 /* SENoStatusBarImagePickerController.swift */,
				62AED4BE194E953A00DE0817 /* SESignInViewController.swift */,
				62AED4BF194E953A00DE0817 /* SEViewController.swift */,
			);
			path = ViewControllers;
			sourceTree = "<group>";
		};
		62AED4D9194E9C3400DE0817 /* Client */ = {
			isa = PBXGroup;
			children = (
				62E23259194E942B0077244C /* SEClientAddressTableViewCell.swift */,
				62E2325A194E942B0077244C /* SEClientInfoTableViewCell.swift */,
				62E2325B194E942B0077244C /* SEClientTableViewCell.swift */,
			);
			name = Client;
			sourceTree = "<group>";
		};
		62AED4DA194E9C5200DE0817 /* Job */ = {
			isa = PBXGroup;
			children = (
				62E2325C194E942B0077244C /* SEJobAddressTableViewCell.swift */,
				62E2325D194E942B0077244C /* SEJobClientInfoTableViewCell.swift */,
				62E2325E194E942B0077244C /* SEJobHoursTableViewCell.swift */,
				62E2325F194E942B0077244C /* SEJobNotesTableViewCell.swift */,
				62E23260194E942B0077244C /* SEJobPhotosTableViewCell.swift */,
				62E23261194E942B0077244C /* SEJobTableViewCell.swift */,
			);
			name = Job;
			sourceTree = "<group>";
		};
		62AED4DB194E9C5E00DE0817 /* Payment */ = {
			isa = PBXGroup;
			children = (
				62E23262194E942B0077244C /* SEPaymentInfoTableViewCell.swift */,
				62E23263194E942B0077244C /* SEPaymentTableViewCell.swift */,
			);
			name = Payment;
			sourceTree = "<group>";
		};
		62AED4DC194E9C7500DE0817 /* Product */ = {
			isa = PBXGroup;
			children = (
				62E23264194E942B0077244C /* SEProductTableViewCell.swift */,
			);
			name = Product;
			sourceTree = "<group>";
		};
		62AED4DD194E9C8300DE0817 /* Client */ = {
			isa = PBXGroup;
			children = (
				62AED4A7194E953A00DE0817 /* SEClientAddressViewController.swift */,
				62AED4A8194E953A00DE0817 /* SEClientAddViewController.swift */,
				62AED4A9194E953A00DE0817 /* SEClientEditViewController.swift */,
				62AED4AA194E953A00DE0817 /* SEClientMapViewController.swift */,
				62AED4AB194E953A00DE0817 /* SEClientsViewController.swift */,
				62AED4AC194E953A00DE0817 /* SEClientViewController.swift */,
			);
			name = Client;
			sourceTree = "<group>";
		};
		62AED4DE194E9C9200DE0817 /* Schedule */ = {
			isa = PBXGroup;
			children = (
				62AED4AE194E953A00DE0817 /* SEJobAddressEditViewController.swift */,
				62AED4AF194E953A00DE0817 /* SEJobAddViewController.swift */,
				62AED4B0194E953A00DE0817 /* SEJobClientInfoEditViewController.swift */,
				62AED4B1194E953A00DE0817 /* SEJobMapViewController.swift */,
				62AED4B2194E953A00DE0817 /* SEJobNotesEditViewController.swift */,
				62AED4B3194E953A00DE0817 /* SEJobsViewController.swift */,
				62AED4B4194E953A00DE0817 /* SEJobViewController.swift */,
			);
			name = Schedule;
			sourceTree = "<group>";
		};
		62AED4DF194E9EBD00DE0817 /* Photo */ = {
			isa = PBXGroup;
			children = (
				62AED4AD194E953A00DE0817 /* SEGalleryViewController.swift */,
				62AED4BC194E953A00DE0817 /* SEPhotoViewController.swift */,
			);
			name = Photo;
			sourceTree = "<group>";
		};
		62AED4E0194E9ED400DE0817 /* Payment */ = {
			isa = PBXGroup;
			children = (
				62AED4B8194E953A00DE0817 /* SEPaymentAddViewController.swift */,
				62AED4B9194E953A00DE0817 /* SEPaymentEditViewController.swift */,
				62AED4BA194E953A00DE0817 /* SEPaymentsViewController.swift */,
				62AED4BB194E953A00DE0817 /* SEPaymentViewController.swift */,
			);
			name = Payment;
			sourceTree = "<group>";
		};
		62AED4E1194E9EEB00DE0817 /* Product */ = {
			isa = PBXGroup;
			children = (
				62AED4B7194E953A00DE0817 /* SEPartsViewController.swift */,
				62AED4BD194E953A00DE0817 /* SEProductsScannerViewController.swift */,
			);
			name = Product;
			sourceTree = "<group>";
		};
		62E23206194E92840077244C /* CoreData */ = {
			isa = PBXGroup;
			children = (
				62E23207194E92840077244C /* Model.xcdatamodeld */,
				62E2320A194E92990077244C /* SEClient.swift */,
				62E2320B194E92990077244C /* SEJob.swift */,
				62E2320C194E92990077244C /* SEJobPhotoInfo.swift */,
				62E2320D194E92990077244C /* SEPayment.swift */,
				62E2320E194E92990077244C /* SEProduct.swift */,
			);
			path = CoreData;
			sourceTree = "<group>";
		};
		62E23214194E92C50077244C /* Networking */ = {
			isa = PBXGroup;
			children = (
				62E23215194E92C50077244C /* SERestClient.swift */,
			);
			path = Networking;
			sourceTree = "<group>";
		};
		62E23217194E93B00077244C /* Objects */ = {
			isa = PBXGroup;
			children = (
				62E23218194E93B00077244C /* SEPushNoAnimationSegue.swift */,
			);
			path = Objects;
			sourceTree = "<group>";
		};
		62E2321A194E93D10077244C /* Resources */ = {
			isa = PBXGroup;
			children = (
				62E2321B194E93D10077244C /* bg@2x.png */,
				62E2321C194E93D10077244C /* bg_content@2x.png */,
				62E2321D194E93D10077244C /* btn_add@2x.png */,
				62E2321E194E93D10077244C /* btn_add_photo@2x.png */,
				62E2321F194E93D10077244C /* btn_back@2x.png */,
				62E23220194E93D10077244C /* btn_call@2x.png */,
				62E23221194E93D10077244C /* btn_delete@2x.png */,
				62E23222194E93D10077244C /* btn_map@2x.png */,
				62E23223194E93D10077244C /* btn_more@2x.png */,
				62E23224194E93D10077244C /* button_complete@2x.png */,
				62E23225194E93D10077244C /* button_directions@2x.png */,
				62E23226194E93D10077244C /* button_map@2x.png */,
				62E23227194E93D10077244C /* button_signIn@2x.png */,
				62E23228194E93D10077244C /* button_start@2x.png */,
				62E23229194E93D10077244C /* cell_bg@2x.png */,
				62E2322A194E93D10077244C /* icon_status@2x.png */,
				62E2322B194E93D10077244C /* icon_status_active@2x.png */,
				62E2322C194E93D10077244C /* icon_status_small@2x.png */,
				62E2322D194E93D10077244C /* icon_status_small_active@2x.png */,
				62E2322E194E93D10077244C /* line_clients@2x.png */,
				62E2322F194E93D10077244C /* line_dot@2x.png */,
				62E23230194E93D10077244C /* line_dot@2x.psd */,
				62E23231194E93D10077244C /* line_parts@2x.png */,
				62E23232194E93D10077244C /* line_payment@2x.png */,
				62E23233194E93D10077244C /* line_schedule@2x.png */,
				62E23234194E93D10077244C /* logo@2x.png */,
				62E23235194E93D10077244C /* schedule_navbar_bg@2x.png */,
			);
			path = Resources;
			sourceTree = "<group>";
		};
		62E23251194E93E90077244C /* Utils */ = {
			isa = PBXGroup;
			children = (
				62E23252194E93E90077244C /* SEConstants.swift */,
				62E23253194E93E90077244C /* UIImage+FixOrientation.swift */,
				62E23254194E93E90077244C /* UIView+Hierarchy.swift */,
			);
			path = Utils;
			sourceTree = "<group>";
		};
		62E23258194E942B0077244C /* Views */ = {
			isa = PBXGroup;
			children = (
				62AED4DC194E9C7500DE0817 /* Product */,
				62AED4DB194E9C5E00DE0817 /* Payment */,
				62AED4DA194E9C5200DE0817 /* Job */,
				62AED4D9194E9C3400DE0817 /* Client */,
				62E23265194E942B0077244C /* SESwipeableTableViewCell.swift */,
				62E23266194E942B0077244C /* SETextField.swift */,
				62E23267194E942B0077244C /* SETextFieldTableViewCell.swift */,
				62E23268194E942B0077244C /* SETextView.swift */,
			);
			path = Views;
			sourceTree = "<group>";
		};
/* End PBXGroup section */

/* Begin PBXNativeTarget section */
		627950D2194E900700FDB24E /* sechi */ = {
			isa = PBXNativeTarget;
			buildConfigurationList = 627950EF194E900700FDB24E /* Build configuration list for PBXNativeTarget "sechi" */;
			buildPhases = (
				627950CF194E900700FDB24E /* Sources */,
				627950D0194E900700FDB24E /* Frameworks */,
				627950D1194E900700FDB24E /* Resources */,
			);
			buildRules = (
			);
			dependencies = (
				62795106194E90A600FDB24E /* PBXTargetDependency */,
			);
			name = sechi;
			productName = sechi;
			productReference = 627950D3194E900700FDB24E /* sechi.app */;
			productType = "com.apple.product-type.application";
		};
		627950E4194E900700FDB24E /* sechiTests */ = {
			isa = PBXNativeTarget;
			buildConfigurationList = 627950F2194E900700FDB24E /* Build configuration list for PBXNativeTarget "sechiTests" */;
			buildPhases = (
				627950E1194E900700FDB24E /* Sources */,
				627950E2194E900700FDB24E /* Frameworks */,
				627950E3194E900700FDB24E /* Resources */,
			);
			buildRules = (
			);
			dependencies = (
				627950E7194E900700FDB24E /* PBXTargetDependency */,
			);
			name = sechiTests;
			productName = sechiTests;
			productReference = 627950E5194E900700FDB24E /* sechiTests.xctest */;
			productType = "com.apple.product-type.bundle.unit-test";
		};
/* End PBXNativeTarget section */

/* Begin PBXProject section */
		627950CB194E900700FDB24E /* Project object */ = {
			isa = PBXProject;
			attributes = {
				LastUpgradeCheck = 0600;
				ORGANIZATIONNAME = TopCoder;
				TargetAttributes = {
					627950D2194E900700FDB24E = {
						CreatedOnToolsVersion = 6.0;
					};
					627950E4194E900700FDB24E = {
						CreatedOnToolsVersion = 6.0;
						TestTargetID = 627950D2194E900700FDB24E;
					};
				};
			};
			buildConfigurationList = 627950CE194E900700FDB24E /* Build configuration list for PBXProject "sechi" */;
			compatibilityVersion = "Xcode 3.2";
			developmentRegion = English;
			hasScannedForEncodings = 0;
			knownRegions = (
				en,
				Base,
			);
			mainGroup = 627950CA194E900700FDB24E;
			productRefGroup = 627950D4194E900700FDB24E /* Products */;
			projectDirPath = "";
			projectReferences = (
				{
					ProductGroup = 627950F7194E903D00FDB24E /* Products */;
					ProjectRef = 627950F6194E903D00FDB24E /* RestKit.xcodeproj */;
				},
			);
			projectRoot = "";
			targets = (
				627950D2194E900700FDB24E /* sechi */,
				627950E4194E900700FDB24E /* sechiTests */,
			);
		};
/* End PBXProject section */

/* Begin PBXReferenceProxy section */
		627950FE194E903D00FDB24E /* libRestKit.a */ = {
			isa = PBXReferenceProxy;
			fileType = archive.ar;
			path = libRestKit.a;
			remoteRef = 627950FD194E903D00FDB24E /* PBXContainerItemProxy */;
			sourceTree = BUILT_PRODUCTS_DIR;
		};
		62795100194E903D00FDB24E /* RestKitTests.octest */ = {
			isa = PBXReferenceProxy;
			fileType = wrapper.cfbundle;
			path = RestKitTests.octest;
			remoteRef = 627950FF194E903D00FDB24E /* PBXContainerItemProxy */;
			sourceTree = BUILT_PRODUCTS_DIR;
		};
		62795102194E903D00FDB24E /* RestKit.framework */ = {
			isa = PBXReferenceProxy;
			fileType = wrapper.framework;
			path = RestKit.framework;
			remoteRef = 62795101194E903D00FDB24E /* PBXContainerItemProxy */;
			sourceTree = BUILT_PRODUCTS_DIR;
		};
		62795104194E903D00FDB24E /* RestKitFrameworkTests.octest */ = {
			isa = PBXReferenceProxy;
			fileType = wrapper.cfbundle;
			path = RestKitFrameworkTests.octest;
			remoteRef = 62795103194E903D00FDB24E /* PBXContainerItemProxy */;
			sourceTree = BUILT_PRODUCTS_DIR;
		};
/* End PBXReferenceProxy section */

/* Begin PBXResourcesBuildPhase section */
		627950D1194E900700FDB24E /* Resources */ = {
			isa = PBXResourcesBuildPhase;
			buildActionMask = 2147483647;
			files = (
				62E23250194E93D10077244C /* schedule_navbar_bg@2x.png in Resources */,
				62E2324C194E93D10077244C /* line_parts@2x.png in Resources */,
				62E23236194E93D10077244C /* bg@2x.png in Resources */,
				62E23240194E93D10077244C /* button_directions@2x.png in Resources */,
				62E23237194E93D10077244C /* bg_content@2x.png in Resources */,
				62E23244194E93D10077244C /* cell_bg@2x.png in Resources */,
				62E2324B194E93D10077244C /* line_dot@2x.psd in Resources */,
				62E23246194E93D10077244C /* icon_status_active@2x.png in Resources */,
				62E2323E194E93D10077244C /* btn_more@2x.png in Resources */,
				62E23248194E93D10077244C /* icon_status_small_active@2x.png in Resources */,
				62E23239194E93D10077244C /* btn_add_photo@2x.png in Resources */,
				62E2323B194E93D10077244C /* btn_call@2x.png in Resources */,
				62E2324D194E93D10077244C /* line_payment@2x.png in Resources */,
				627950DE194E900700FDB24E /* Main.storyboard in Resources */,
				62E23247194E93D10077244C /* icon_status_small@2x.png in Resources */,
				627950E0194E900700FDB24E /* Images.xcassets in Resources */,
				62E2323F194E93D10077244C /* button_complete@2x.png in Resources */,
				62E23243194E93D10077244C /* button_start@2x.png in Resources */,
				62E2323A194E93D10077244C /* btn_back@2x.png in Resources */,
				62E2323C194E93D10077244C /* btn_delete@2x.png in Resources */,
				62E23242194E93D10077244C /* button_signIn@2x.png in Resources */,
				62E23241194E93D10077244C /* button_map@2x.png in Resources */,
				62E23245194E93D10077244C /* icon_status@2x.png in Resources */,
				62E2324A194E93D10077244C /* line_dot@2x.png in Resources */,
				62E23249194E93D10077244C /* line_clients@2x.png in Resources */,
				62E2324E194E93D10077244C /* line_schedule@2x.png in Resources */,
				62E2324F194E93D10077244C /* logo@2x.png in Resources */,
				62E2323D194E93D10077244C /* btn_map@2x.png in Resources */,
				62E23238194E93D10077244C /* btn_add@2x.png in Resources */,
			);
			runOnlyForDeploymentPostprocessing = 0;
		};
		627950E3194E900700FDB24E /* Resources */ = {
			isa = PBXResourcesBuildPhase;
			buildActionMask = 2147483647;
			files = (
			);
			runOnlyForDeploymentPostprocessing = 0;
		};
/* End PBXResourcesBuildPhase section */

/* Begin PBXSourcesBuildPhase section */
		627950CF194E900700FDB24E /* Sources */ = {
			isa = PBXSourcesBuildPhase;
			buildActionMask = 2147483647;
			files = (
				62E2326B194E942B0077244C /* SEClientTableViewCell.swift in Sources */,
				62AED4CF194E953A00DE0817 /* SENoStatusBarImagePickerController.swift in Sources */,
				62E23272194E942B0077244C /* SEPaymentInfoTableViewCell.swift in Sources */,
				62E23276194E942B0077244C /* SETextField.swift in Sources */,
				62AED4D8194E953A00DE0817 /* SEViewController.swift in Sources */,
				62AED4D1194E953A00DE0817 /* SEPaymentAddViewController.swift in Sources */,
				62E23257194E93E90077244C /* UIView+Hierarchy.swift in Sources */,
				62E23210194E92990077244C /* SEJob.swift in Sources */,
				62E2320F194E92990077244C /* SEClient.swift in Sources */,
				62AED4CE194E953A00DE0817 /* SEMainMenuViewController.swift in Sources */,
				62E2326E194E942B0077244C /* SEJobHoursTableViewCell.swift in Sources */,
				62AED4C6194E953A00DE0817 /* SEGalleryViewController.swift in Sources */,
				62AED4C1194E953A00DE0817 /* SEClientAddViewController.swift in Sources */,
				62AED4D6194E953A00DE0817 /* SEProductsScannerViewController.swift in Sources */,
				62E2326A194E942B0077244C /* SEClientInfoTableViewCell.swift in Sources */,
				62AED4C3194E953A00DE0817 /* SEClientMapViewController.swift in Sources */,
				62AED4C8194E953A00DE0817 /* SEJobAddViewController.swift in Sources */,
				62E23273194E942B0077244C /* SEPaymentTableViewCell.swift in Sources */,
				62E2326C194E942B0077244C /* SEJobAddressTableViewCell.swift in Sources */,
				62E23213194E92990077244C /* SEProduct.swift in Sources */,
				62AED4D4194E953A00DE0817 /* SEPaymentViewController.swift in Sources */,
				62E23270194E942B0077244C /* SEJobPhotosTableViewCell.swift in Sources */,
				62AED4C2194E953A00DE0817 /* SEClientEditViewController.swift in Sources */,
				627950D9194E900700FDB24E /* SEAppDelegate.swift in Sources */,
				62AED4CB194E953A00DE0817 /* SEJobNotesEditViewController.swift in Sources */,
				62E23211194E92990077244C /* SEJobPhotoInfo.swift in Sources */,
				62AED4C7194E953A00DE0817 /* SEJobAddressEditViewController.swift in Sources */,
				62AED4D5194E953A00DE0817 /* SEPhotoViewController.swift in Sources */,
				62E2326F194E942B0077244C /* SEJobNotesTableViewCell.swift in Sources */,
				62AED4C9194E953A00DE0817 /* SEJobClientInfoEditViewController.swift in Sources */,
				62E2326D194E942B0077244C /* SEJobClientInfoTableViewCell.swift in Sources */,
				62E23277194E942B0077244C /* SETextFieldTableViewCell.swift in Sources */,
				62E23275194E942B0077244C /* SESwipeableTableViewCell.swift in Sources */,
				62E23274194E942B0077244C /* SEProductTableViewCell.swift in Sources */,
				62AED4CC194E953A00DE0817 /* SEJobsViewController.swift in Sources */,
				62AED4D3194E953A00DE0817 /* SEPaymentsViewController.swift in Sources */,
				62AED4C5194E953A00DE0817 /* SEClientViewController.swift in Sources */,
				62E23269194E942B0077244C /* SEClientAddressTableViewCell.swift in Sources */,
				62E23256194E93E90077244C /* UIImage+FixOrientation.swift in Sources */,
				62E23216194E92C50077244C /* SERestClient.swift in Sources */,
				62E23209194E92840077244C /* Model.xcdatamodeld in Sources */,
				62AED4D2194E953A00DE0817 /* SEPaymentEditViewController.swift in Sources */,
				62E23212194E92990077244C /* SEPayment.swift in Sources */,
				62E23271194E942B0077244C /* SEJobTableViewCell.swift in Sources */,
				62AED4C0194E953A00DE0817 /* SEClientAddressViewController.swift in Sources */,
				62E23219194E93B00077244C /* SEPushNoAnimationSegue.swift in Sources */,
				62AED4CD194E953A00DE0817 /* SEJobViewController.swift in Sources */,
				62AED4C4194E953A00DE0817 /* SEClientsViewController.swift in Sources */,
				62AED4D7194E953A00DE0817 /* SESignInViewController.swift in Sources */,
				62E23278194E942B0077244C /* SETextView.swift in Sources */,
				62E23255194E93E90077244C /* SEConstants.swift in Sources */,
				62AED4CA194E953A00DE0817 /* SEJobMapViewController.swift in Sources */,
				62AED4D0194E953A00DE0817 /* SEPartsViewController.swift in Sources */,
			);
			runOnlyForDeploymentPostprocessing = 0;
		};
		627950E1194E900700FDB24E /* Sources */ = {
			isa = PBXSourcesBuildPhase;
			buildActionMask = 2147483647;
			files = (
				627950EC194E900700FDB24E /* sechiTests.swift in Sources */,
			);
			runOnlyForDeploymentPostprocessing = 0;
		};
/* End PBXSourcesBuildPhase section */

/* Begin PBXTargetDependency section */
		627950E7194E900700FDB24E /* PBXTargetDependency */ = {
			isa = PBXTargetDependency;
			target = 627950D2194E900700FDB24E /* sechi */;
			targetProxy = 627950E6194E900700FDB24E /* PBXContainerItemProxy */;
		};
		62795106194E90A600FDB24E /* PBXTargetDependency */ = {
			isa = PBXTargetDependency;
			name = RestKit;
			targetProxy = 62795105194E90A600FDB24E /* PBXContainerItemProxy */;
		};
/* End PBXTargetDependency section */

/* Begin PBXVariantGroup section */
		627950DC194E900700FDB24E /* Main.storyboard */ = {
			isa = PBXVariantGroup;
			children = (
				627950DD194E900700FDB24E /* Base */,
			);
			name = Main.storyboard;
			sourceTree = "<group>";
		};
/* End PBXVariantGroup section */

/* Begin XCBuildConfiguration section */
		627950ED194E900700FDB24E /* Debug */ = {
			isa = XCBuildConfiguration;
			buildSettings = {
				ALWAYS_SEARCH_USER_PATHS = NO;
				CLANG_CXX_LANGUAGE_STANDARD = "gnu++0x";
				CLANG_CXX_LIBRARY = "libc++";
				CLANG_ENABLE_MODULES = YES;
				CLANG_ENABLE_OBJC_ARC = YES;
				CLANG_WARN_BOOL_CONVERSION = YES;
				CLANG_WARN_CONSTANT_CONVERSION = YES;
				CLANG_WARN_DIRECT_OBJC_ISA_USAGE = YES_ERROR;
				CLANG_WARN_EMPTY_BODY = YES;
				CLANG_WARN_ENUM_CONVERSION = YES;
				CLANG_WARN_INT_CONVERSION = YES;
				CLANG_WARN_OBJC_ROOT_CLASS = YES_ERROR;
				CLANG_WARN_UNREACHABLE_CODE = YES;
				CLANG_WARN__DUPLICATE_METHOD_MATCH = YES;
				"CODE_SIGN_IDENTITY[sdk=iphoneos*]" = "iPhone Developer";
				COPY_PHASE_STRIP = NO;
				ENABLE_STRICT_OBJC_MSGSEND = YES;
				GCC_C_LANGUAGE_STANDARD = gnu99;
				GCC_DYNAMIC_NO_PIC = NO;
				GCC_OPTIMIZATION_LEVEL = 0;
				GCC_PREPROCESSOR_DEFINITIONS = (
					"DEBUG=1",
					"$(inherited)",
				);
				GCC_SYMBOLS_PRIVATE_EXTERN = NO;
				GCC_WARN_64_TO_32_BIT_CONVERSION = YES;
				GCC_WARN_ABOUT_RETURN_TYPE = YES_ERROR;
				GCC_WARN_UNDECLARED_SELECTOR = YES;
				GCC_WARN_UNINITIALIZED_AUTOS = YES_AGGRESSIVE;
				GCC_WARN_UNUSED_FUNCTION = YES;
				GCC_WARN_UNUSED_VARIABLE = YES;
				IPHONEOS_DEPLOYMENT_TARGET = 8.0;
				METAL_ENABLE_DEBUG_INFO = YES;
				ONLY_ACTIVE_ARCH = YES;
				SDKROOT = iphoneos;
				SWIFT_OPTIMIZATION_LEVEL = "-Onone";
			};
			name = Debug;
		};
		627950EE194E900700FDB24E /* Release */ = {
			isa = XCBuildConfiguration;
			buildSettings = {
				ALWAYS_SEARCH_USER_PATHS = NO;
				CLANG_CXX_LANGUAGE_STANDARD = "gnu++0x";
				CLANG_CXX_LIBRARY = "libc++";
				CLANG_ENABLE_MODULES = YES;
				CLANG_ENABLE_OBJC_ARC = YES;
				CLANG_WARN_BOOL_CONVERSION = YES;
				CLANG_WARN_CONSTANT_CONVERSION = YES;
				CLANG_WARN_DIRECT_OBJC_ISA_USAGE = YES_ERROR;
				CLANG_WARN_EMPTY_BODY = YES;
				CLANG_WARN_ENUM_CONVERSION = YES;
				CLANG_WARN_INT_CONVERSION = YES;
				CLANG_WARN_OBJC_ROOT_CLASS = YES_ERROR;
				CLANG_WARN_UNREACHABLE_CODE = YES;
				CLANG_WARN__DUPLICATE_METHOD_MATCH = YES;
				"CODE_SIGN_IDENTITY[sdk=iphoneos*]" = "iPhone Developer";
				COPY_PHASE_STRIP = YES;
				ENABLE_NS_ASSERTIONS = NO;
				ENABLE_STRICT_OBJC_MSGSEND = YES;
				GCC_C_LANGUAGE_STANDARD = gnu99;
				GCC_WARN_64_TO_32_BIT_CONVERSION = YES;
				GCC_WARN_ABOUT_RETURN_TYPE = YES_ERROR;
				GCC_WARN_UNDECLARED_SELECTOR = YES;
				GCC_WARN_UNINITIALIZED_AUTOS = YES_AGGRESSIVE;
				GCC_WARN_UNUSED_FUNCTION = YES;
				GCC_WARN_UNUSED_VARIABLE = YES;
				IPHONEOS_DEPLOYMENT_TARGET = 8.0;
				METAL_ENABLE_DEBUG_INFO = NO;
				SDKROOT = iphoneos;
				VALIDATE_PRODUCT = YES;
			};
			name = Release;
		};
		627950F0194E900700FDB24E /* Debug */ = {
			isa = XCBuildConfiguration;
			buildSettings = {
				ASSETCATALOG_COMPILER_APPICON_NAME = AppIcon;
				ASSETCATALOG_COMPILER_LAUNCHIMAGE_NAME = LaunchImage;
				CLANG_ENABLE_MODULES = YES;
				HEADER_SEARCH_PATHS = (
					"$(inherited)",
					"/Applications/Xcode6-Beta.app/Contents/Developer/Toolchains/XcodeDefault.xctoolchain/usr/include",
					"\"$(BUILT_PRODUCTS_DIR)/../../Headers\"",
				);
				INFOPLIST_FILE = sechi/Info.plist;
				LD_RUNPATH_SEARCH_PATHS = "$(inherited) @executable_path/Frameworks";
				OTHER_LDFLAGS = (
					"-ObjC",
					"-all_load",
				);
				PRODUCT_NAME = "$(TARGET_NAME)";
				SWIFT_OBJC_BRIDGING_HEADER = "sechi/sechi-Bridging-Header.h";
				SWIFT_OPTIMIZATION_LEVEL = "-Onone";
			};
			name = Debug;
		};
		627950F1194E900700FDB24E /* Release */ = {
			isa = XCBuildConfiguration;
			buildSettings = {
				ASSETCATALOG_COMPILER_APPICON_NAME = AppIcon;
				ASSETCATALOG_COMPILER_LAUNCHIMAGE_NAME = LaunchImage;
				CLANG_ENABLE_MODULES = YES;
				HEADER_SEARCH_PATHS = (
					"$(inherited)",
					"/Applications/Xcode6-Beta.app/Contents/Developer/Toolchains/XcodeDefault.xctoolchain/usr/include",
					"\"$(BUILT_PRODUCTS_DIR)/../../Headers\"",
				);
				INFOPLIST_FILE = sechi/Info.plist;
				LD_RUNPATH_SEARCH_PATHS = "$(inherited) @executable_path/Frameworks";
				OTHER_LDFLAGS = (
					"-ObjC",
					"-all_load",
				);
				PRODUCT_NAME = "$(TARGET_NAME)";
				SWIFT_OBJC_BRIDGING_HEADER = "sechi/sechi-Bridging-Header.h";
			};
			name = Release;
		};
		627950F3194E900700FDB24E /* Debug */ = {
			isa = XCBuildConfiguration;
			buildSettings = {
				BUNDLE_LOADER = "$(BUILT_PRODUCTS_DIR)/sechi.app/sechi";
				FRAMEWORK_SEARCH_PATHS = (
					"$(SDKROOT)/Developer/Library/Frameworks",
					"$(inherited)",
				);
				GCC_PREPROCESSOR_DEFINITIONS = (
					"DEBUG=1",
					"$(inherited)",
				);
				INFOPLIST_FILE = sechiTests/Info.plist;
				LD_RUNPATH_SEARCH_PATHS = "$(inherited) @executable_path/Frameworks @loader_path/Frameworks";
				METAL_ENABLE_DEBUG_INFO = YES;
				PRODUCT_NAME = "$(TARGET_NAME)";
				TEST_HOST = "$(BUNDLE_LOADER)";
			};
			name = Debug;
		};
		627950F4194E900700FDB24E /* Release */ = {
			isa = XCBuildConfiguration;
			buildSettings = {
				BUNDLE_LOADER = "$(BUILT_PRODUCTS_DIR)/sechi.app/sechi";
				FRAMEWORK_SEARCH_PATHS = (
					"$(SDKROOT)/Developer/Library/Frameworks",
					"$(inherited)",
				);
				INFOPLIST_FILE = sechiTests/Info.plist;
				LD_RUNPATH_SEARCH_PATHS = "$(inherited) @executable_path/Frameworks @loader_path/Frameworks";
				METAL_ENABLE_DEBUG_INFO = NO;
				PRODUCT_NAME = "$(TARGET_NAME)";
				TEST_HOST = "$(BUNDLE_LOADER)";
			};
			name = Release;
		};
/* End XCBuildConfiguration section */

/* Begin XCConfigurationList section */
		627950CE194E900700FDB24E /* Build configuration list for PBXProject "sechi" */ = {
			isa = XCConfigurationList;
			buildConfigurations = (
				627950ED194E900700FDB24E /* Debug */,
				627950EE194E900700FDB24E /* Release */,
			);
			defaultConfigurationIsVisible = 0;
			defaultConfigurationName = Release;
		};
		627950EF194E900700FDB24E /* Build configuration list for PBXNativeTarget "sechi" */ = {
			isa = XCConfigurationList;
			buildConfigurations = (
				627950F0194E900700FDB24E /* Debug */,
				627950F1194E900700FDB24E /* Release */,
			);
			defaultConfigurationIsVisible = 0;
			defaultConfigurationName = Release;
		};
		627950F2194E900700FDB24E /* Build configuration list for PBXNativeTarget "sechiTests" */ = {
			isa = XCConfigurationList;
			buildConfigurations = (
				627950F3194E900700FDB24E /* Debug */,
				627950F4194E900700FDB24E /* Release */,
			);
			defaultConfigurationIsVisible = 0;
			defaultConfigurationName = Release;
		};
/* End XCConfigurationList section */

/* Begin XCVersionGroup section */
		62E23207194E92840077244C /* Model.xcdatamodeld */ = {
			isa = XCVersionGroup;
			children = (
				62E23208194E92840077244C /* Model.xcdatamodel */,
			);
			currentVersion = 62E23208194E92840077244C /* Model.xcdatamodel */;
			path = Model.xcdatamodeld;
			sourceTree = "<group>";
			versionGroupType = wrapper.xcdatamodel;
		};
/* End XCVersionGroup section */
	};
	rootObject = 627950CB194E900700FDB24E /* Project object */;
}
