// !$*UTF8*$!
{
	archiveVersion = 1;
	classes = {
	};
	objectVersion = 46;
	objects = {

/* Begin PBXBuildFile section */
		9948D51219F7727B00AB7639 /* AppDelegate.swift in Sources */ = {isa = PBXBuildFile; fileRef = 9948D51119F7727B00AB7639 /* AppDelegate.swift */; };
		9948D51419F7727B00AB7639 /* SearchResultsViewController.swift in Sources */ = {isa = PBXBuildFile; fileRef = 9948D51319F7727B00AB7639 /* SearchResultsViewController.swift */; };
		9948D51719F7727B00AB7639 /* Main.storyboard in Resources */ = {isa = PBXBuildFile; fileRef = 9948D51519F7727B00AB7639 /* Main.storyboard */; };
		9948D51919F7727B00AB7639 /* Images.xcassets in Resources */ = {isa = PBXBuildFile; fileRef = 9948D51819F7727B00AB7639 /* Images.xcassets */; };
		9948D51C19F7727B00AB7639 /* LaunchScreen.xib in Resources */ = {isa = PBXBuildFile; fileRef = 9948D51A19F7727B00AB7639 /* LaunchScreen.xib */; };
		9948D52819F7727C00AB7639 /* HelloWorldTests.swift in Sources */ = {isa = PBXBuildFile; fileRef = 9948D52719F7727C00AB7639 /* HelloWorldTests.swift */; };
		9948D53219F77FFB00AB7639 /* APIController.swift in Sources */ = {isa = PBXBuildFile; fileRef = 9948D53119F77FFB00AB7639 /* APIController.swift */; };
/* End PBXBuildFile section */

/* Begin PBXContainerItemProxy section */
		9948D52219F7727B00AB7639 /* PBXContainerItemProxy */ = {
			isa = PBXContainerItemProxy;
			containerPortal = 9948D50419F7727B00AB7639 /* Project object */;
			proxyType = 1;
			remoteGlobalIDString = 9948D50B19F7727B00AB7639;
			remoteInfo = HelloWorld;
		};
/* End PBXContainerItemProxy section */

/* Begin PBXFileReference section */
		9948D50C19F7727B00AB7639 /* HelloWorld.app */ = {isa = PBXFileReference; explicitFileType = wrapper.application; includeInIndex = 0; path = HelloWorld.app; sourceTree = BUILT_PRODUCTS_DIR; };
		9948D51019F7727B00AB7639 /* Info.plist */ = {isa = PBXFileReference; lastKnownFileType = text.plist.xml; path = Info.plist; sourceTree = "<group>"; };
		9948D51119F7727B00AB7639 /* AppDelegate.swift */ = {isa = PBXFileReference; lastKnownFileType = sourcecode.swift; path = AppDelegate.swift; sourceTree = "<group>"; };
		9948D51319F7727B00AB7639 /* SearchResultsViewController.swift */ = {isa = PBXFileReference; lastKnownFileType = sourcecode.swift; path = SearchResultsViewController.swift; sourceTree = "<group>"; };
		9948D51619F7727B00AB7639 /* Base */ = {isa = PBXFileReference; lastKnownFileType = file.storyboard; name = Base; path = Base.lproj/Main.storyboard; sourceTree = "<group>"; };
		9948D51819F7727B00AB7639 /* Images.xcassets */ = {isa = PBXFileReference; lastKnownFileType = folder.assetcatalog; path = Images.xcassets; sourceTree = "<group>"; };
		9948D51B19F7727B00AB7639 /* Base */ = {isa = PBXFileReference; lastKnownFileType = file.xib; name = Base; path = Base.lproj/LaunchScreen.xib; sourceTree = "<group>"; };
		9948D52119F7727B00AB7639 /* HelloWorldTests.xctest */ = {isa = PBXFileReference; explicitFileType = wrapper.cfbundle; includeInIndex = 0; path = HelloWorldTests.xctest; sourceTree = BUILT_PRODUCTS_DIR; };
		9948D52619F7727C00AB7639 /* Info.plist */ = {isa = PBXFileReference; lastKnownFileType = text.plist.xml; path = Info.plist; sourceTree = "<group>"; };
		9948D52719F7727C00AB7639 /* HelloWorldTests.swift */ = {isa = PBXFileReference; lastKnownFileType = sourcecode.swift; path = HelloWorldTests.swift; sourceTree = "<group>"; };
		9948D53119F77FFB00AB7639 /* APIController.swift */ = {isa = PBXFileReference; fileEncoding = 4; lastKnownFileType = sourcecode.swift; path = APIController.swift; sourceTree = "<group>"; };
/* End PBXFileReference section */

/* Begin PBXFrameworksBuildPhase section */
		9948D50919F7727B00AB7639 /* Frameworks */ = {
			isa = PBXFrameworksBuildPhase;
			buildActionMask = 2147483647;
			files = (
			);
			runOnlyForDeploymentPostprocessing = 0;
		};
		9948D51E19F7727B00AB7639 /* Frameworks */ = {
			isa = PBXFrameworksBuildPhase;
			buildActionMask = 2147483647;
			files = (
			);
			runOnlyForDeploymentPostprocessing = 0;
		};
/* End PBXFrameworksBuildPhase section */

/* Begin PBXGroup section */
		9948D50319F7727B00AB7639 = {
			isa = PBXGroup;
			children = (
				9948D50E19F7727B00AB7639 /* HelloWorld */,
				9948D52419F7727B00AB7639 /* HelloWorldTests */,
				9948D50D19F7727B00AB7639 /* Products */,
			);
			sourceTree = "<group>";
		};
		9948D50D19F7727B00AB7639 /* Products */ = {
			isa = PBXGroup;
			children = (
				9948D50C19F7727B00AB7639 /* HelloWorld.app */,
				9948D52119F7727B00AB7639 /* HelloWorldTests.xctest */,
			);
			name = Products;
			sourceTree = "<group>";
		};
		9948D50E19F7727B00AB7639 /* HelloWorld */ = {
			isa = PBXGroup;
			children = (
				9948D51119F7727B00AB7639 /* AppDelegate.swift */,
				9948D51319F7727B00AB7639 /* SearchResultsViewController.swift */,
				9948D51519F7727B00AB7639 /* Main.storyboard */,
				9948D53119F77FFB00AB7639 /* APIController.swift */,
				9948D51819F7727B00AB7639 /* Images.xcassets */,
				9948D51A19F7727B00AB7639 /* LaunchScreen.xib */,
				9948D50F19F7727B00AB7639 /* Supporting Files */,
			);
			path = HelloWorld;
			sourceTree = "<group>";
		};
		9948D50F19F7727B00AB7639 /* Supporting Files */ = {
			isa = PBXGroup;
			children = (
				9948D51019F7727B00AB7639 /* Info.plist */,
			);
			name = "Supporting Files";
			sourceTree = "<group>";
		};
		9948D52419F7727B00AB7639 /* HelloWorldTests */ = {
			isa = PBXGroup;
			children = (
				9948D52719F7727C00AB7639 /* HelloWorldTests.swift */,
				9948D52519F7727C00AB7639 /* Supporting Files */,
			);
			path = HelloWorldTests;
			sourceTree = "<group>";
		};
		9948D52519F7727C00AB7639 /* Supporting Files */ = {
			isa = PBXGroup;
			children = (
				9948D52619F7727C00AB7639 /* Info.plist */,
			);
			name = "Supporting Files";
			sourceTree = "<group>";
		};
/* End PBXGroup section */

/* Begin PBXNativeTarget section */
		9948D50B19F7727B00AB7639 /* HelloWorld */ = {
			isa = PBXNativeTarget;
			buildConfigurationList = 9948D52B19F7727C00AB7639 /* Build configuration list for PBXNativeTarget "HelloWorld" */;
			buildPhases = (
				9948D50819F7727B00AB7639 /* Sources */,
				9948D50919F7727B00AB7639 /* Frameworks */,
				9948D50A19F7727B00AB7639 /* Resources */,
			);
			buildRules = (
			);
			dependencies = (
			);
			name = HelloWorld;
			productName = HelloWorld;
			productReference = 9948D50C19F7727B00AB7639 /* HelloWorld.app */;
			productType = "com.apple.product-type.application";
		};
		9948D52019F7727B00AB7639 /* HelloWorldTests */ = {
			isa = PBXNativeTarget;
			buildConfigurationList = 9948D52E19F7727C00AB7639 /* Build configuration list for PBXNativeTarget "HelloWorldTests" */;
			buildPhases = (
				9948D51D19F7727B00AB7639 /* Sources */,
				9948D51E19F7727B00AB7639 /* Frameworks */,
				9948D51F19F7727B00AB7639 /* Resources */,
			);
			buildRules = (
			);
			dependencies = (
				9948D52319F7727B00AB7639 /* PBXTargetDependency */,
			);
			name = HelloWorldTests;
			productName = HelloWorldTests;
			productReference = 9948D52119F7727B00AB7639 /* HelloWorldTests.xctest */;
			productType = "com.apple.product-type.bundle.unit-test";
		};
/* End PBXNativeTarget section */

/* Begin PBXProject section */
		9948D50419F7727B00AB7639 /* Project object */ = {
			isa = PBXProject;
			attributes = {
				LastUpgradeCheck = 0600;
				ORGANIZATIONNAME = "Yubo Tian";
				TargetAttributes = {
					9948D50B19F7727B00AB7639 = {
						CreatedOnToolsVersion = 6.0.1;
					};
					9948D52019F7727B00AB7639 = {
						CreatedOnToolsVersion = 6.0.1;
						TestTargetID = 9948D50B19F7727B00AB7639;
					};
				};
			};
			buildConfigurationList = 9948D50719F7727B00AB7639 /* Build configuration list for PBXProject "HelloWorld" */;
			compatibilityVersion = "Xcode 3.2";
			developmentRegion = English;
			hasScannedForEncodings = 0;
			knownRegions = (
				en,
				Base,
			);
			mainGroup = 9948D50319F7727B00AB7639;
			productRefGroup = 9948D50D19F7727B00AB7639 /* Products */;
			projectDirPath = "";
			projectRoot = "";
			targets = (
				9948D50B19F7727B00AB7639 /* HelloWorld */,
				9948D52019F7727B00AB7639 /* HelloWorldTests */,
			);
		};
/* End PBXProject section */

/* Begin PBXResourcesBuildPhase section */
		9948D50A19F7727B00AB7639 /* Resources */ = {
			isa = PBXResourcesBuildPhase;
			buildActionMask = 2147483647;
			files = (
				9948D51719F7727B00AB7639 /* Main.storyboard in Resources */,
				9948D51C19F7727B00AB7639 /* LaunchScreen.xib in Resources */,
				9948D51919F7727B00AB7639 /* Images.xcassets in Resources */,
			);
			runOnlyForDeploymentPostprocessing = 0;
		};
		9948D51F19F7727B00AB7639 /* Resources */ = {
			isa = PBXResourcesBuildPhase;
			buildActionMask = 2147483647;
			files = (
			);
			runOnlyForDeploymentPostprocessing = 0;
		};
/* End PBXResourcesBuildPhase section */

/* Begin PBXSourcesBuildPhase section */
		9948D50819F7727B00AB7639 /* Sources */ = {
			isa = PBXSourcesBuildPhase;
			buildActionMask = 2147483647;
			files = (
				9948D51419F7727B00AB7639 /* SearchResultsViewController.swift in Sources */,
				9948D51219F7727B00AB7639 /* AppDelegate.swift in Sources */,
				9948D53219F77FFB00AB7639 /* APIController.swift in Sources */,
			);
			runOnlyForDeploymentPostprocessing = 0;
		};
		9948D51D19F7727B00AB7639 /* Sources */ = {
			isa = PBXSourcesBuildPhase;
			buildActionMask = 2147483647;
			files = (
				9948D52819F7727C00AB7639 /* HelloWorldTests.swift in Sources */,
			);
			runOnlyForDeploymentPostprocessing = 0;
		};
/* End PBXSourcesBuildPhase section */

/* Begin PBXTargetDependency section */
		9948D52319F7727B00AB7639 /* PBXTargetDependency */ = {
			isa = PBXTargetDependency;
			target = 9948D50B19F7727B00AB7639 /* HelloWorld */;
			targetProxy = 9948D52219F7727B00AB7639 /* PBXContainerItemProxy */;
		};
/* End PBXTargetDependency section */

/* Begin PBXVariantGroup section */
		9948D51519F7727B00AB7639 /* Main.storyboard */ = {
			isa = PBXVariantGroup;
			children = (
				9948D51619F7727B00AB7639 /* Base */,
			);
			name = Main.storyboard;
			sourceTree = "<group>";
		};
		9948D51A19F7727B00AB7639 /* LaunchScreen.xib */ = {
			isa = PBXVariantGroup;
			children = (
				9948D51B19F7727B00AB7639 /* Base */,
			);
			name = LaunchScreen.xib;
			sourceTree = "<group>";
		};
/* End PBXVariantGroup section */

/* Begin XCBuildConfiguration section */
		9948D52919F7727C00AB7639 /* Debug */ = {
			isa = XCBuildConfiguration;
			buildSettings = {
				ALWAYS_SEARCH_USER_PATHS = NO;
				CLANG_CXX_LANGUAGE_STANDARD = "gnu++0x";
				CLANG_CXX_LIBRARY = "libc++";
				CLANG_ENABLE_MODULES = YES;
				CLANG_ENABLE_OBJC_ARC = YES;
				CLANG_WARN_BOOL_CONVERSION = YES;
				CLANG_WARN_CONSTANT_CONVERSION = YES;
				CLANG_WARN_DIRECT_OBJC_ISA_USAGE = YES_ERROR;
				CLANG_WARN_EMPTY_BODY = YES;
				CLANG_WARN_ENUM_CONVERSION = YES;
				CLANG_WARN_INT_CONVERSION = YES;
				CLANG_WARN_OBJC_ROOT_CLASS = YES_ERROR;
				CLANG_WARN_UNREACHABLE_CODE = YES;
				CLANG_WARN__DUPLICATE_METHOD_MATCH = YES;
				"CODE_SIGN_IDENTITY[sdk=iphoneos*]" = "iPhone Developer";
				COPY_PHASE_STRIP = NO;
				ENABLE_STRICT_OBJC_MSGSEND = YES;
				GCC_C_LANGUAGE_STANDARD = gnu99;
				GCC_DYNAMIC_NO_PIC = NO;
				GCC_OPTIMIZATION_LEVEL = 0;
				GCC_PREPROCESSOR_DEFINITIONS = (
					"DEBUG=1",
					"$(inherited)",
				);
				GCC_SYMBOLS_PRIVATE_EXTERN = NO;
				GCC_WARN_64_TO_32_BIT_CONVERSION = YES;
				GCC_WARN_ABOUT_RETURN_TYPE = YES_ERROR;
				GCC_WARN_UNDECLARED_SELECTOR = YES;
				GCC_WARN_UNINITIALIZED_AUTOS = YES_AGGRESSIVE;
				GCC_WARN_UNUSED_FUNCTION = YES;
				GCC_WARN_UNUSED_VARIABLE = YES;
				IPHONEOS_DEPLOYMENT_TARGET = 8.0;
				MTL_ENABLE_DEBUG_INFO = YES;
				ONLY_ACTIVE_ARCH = YES;
				SDKROOT = iphoneos;
				SWIFT_OPTIMIZATION_LEVEL = "-Onone";
			};
			name = Debug;
		};
		9948D52A19F7727C00AB7639 /* Release */ = {
			isa = XCBuildConfiguration;
			buildSettings = {
				ALWAYS_SEARCH_USER_PATHS = NO;
				CLANG_CXX_LANGUAGE_STANDARD = "gnu++0x";
				CLANG_CXX_LIBRARY = "libc++";
				CLANG_ENABLE_MODULES = YES;
				CLANG_ENABLE_OBJC_ARC = YES;
				CLANG_WARN_BOOL_CONVERSION = YES;
				CLANG_WARN_CONSTANT_CONVERSION = YES;
				CLANG_WARN_DIRECT_OBJC_ISA_USAGE = YES_ERROR;
				CLANG_WARN_EMPTY_BODY = YES;
				CLANG_WARN_ENUM_CONVERSION = YES;
				CLANG_WARN_INT_CONVERSION = YES;
				CLANG_WARN_OBJC_ROOT_CLASS = YES_ERROR;
				CLANG_WARN_UNREACHABLE_CODE = YES;
				CLANG_WARN__DUPLICATE_METHOD_MATCH = YES;
				"CODE_SIGN_IDENTITY[sdk=iphoneos*]" = "iPhone Developer";
				COPY_PHASE_STRIP = YES;
				ENABLE_NS_ASSERTIONS = NO;
				ENABLE_STRICT_OBJC_MSGSEND = YES;
				GCC_C_LANGUAGE_STANDARD = gnu99;
				GCC_WARN_64_TO_32_BIT_CONVERSION = YES;
				GCC_WARN_ABOUT_RETURN_TYPE = YES_ERROR;
				GCC_WARN_UNDECLARED_SELECTOR = YES;
				GCC_WARN_UNINITIALIZED_AUTOS = YES_AGGRESSIVE;
				GCC_WARN_UNUSED_FUNCTION = YES;
				GCC_WARN_UNUSED_VARIABLE = YES;
				IPHONEOS_DEPLOYMENT_TARGET = 8.0;
				MTL_ENABLE_DEBUG_INFO = NO;
				SDKROOT = iphoneos;
				VALIDATE_PRODUCT = YES;
			};
			name = Release;
		};
		9948D52C19F7727C00AB7639 /* Debug */ = {
			isa = XCBuildConfiguration;
			buildSettings = {
				ASSETCATALOG_COMPILER_APPICON_NAME = AppIcon;
				INFOPLIST_FILE = HelloWorld/Info.plist;
				LD_RUNPATH_SEARCH_PATHS = "$(inherited) @executable_path/Frameworks";
				PRODUCT_NAME = "$(TARGET_NAME)";
			};
			name = Debug;
		};
		9948D52D19F7727C00AB7639 /* Release */ = {
			isa = XCBuildConfiguration;
			buildSettings = {
				ASSETCATALOG_COMPILER_APPICON_NAME = AppIcon;
				INFOPLIST_FILE = HelloWorld/Info.plist;
				LD_RUNPATH_SEARCH_PATHS = "$(inherited) @executable_path/Frameworks";
				PRODUCT_NAME = "$(TARGET_NAME)";
			};
			name = Release;
		};
		9948D52F19F7727C00AB7639 /* Debug */ = {
			isa = XCBuildConfiguration;
			buildSettings = {
				BUNDLE_LOADER = "$(TEST_HOST)";
				FRAMEWORK_SEARCH_PATHS = (
					"$(SDKROOT)/Developer/Library/Frameworks",
					"$(inherited)",
				);
				GCC_PREPROCESSOR_DEFINITIONS = (
					"DEBUG=1",
					"$(inherited)",
				);
				INFOPLIST_FILE = HelloWorldTests/Info.plist;
				LD_RUNPATH_SEARCH_PATHS = "$(inherited) @executable_path/Frameworks @loader_path/Frameworks";
				PRODUCT_NAME = "$(TARGET_NAME)";
				TEST_HOST = "$(BUILT_PRODUCTS_DIR)/HelloWorld.app/HelloWorld";
			};
			name = Debug;
		};
		9948D53019F7727C00AB7639 /* Release */ = {
			isa = XCBuildConfiguration;
			buildSettings = {
				BUNDLE_LOADER = "$(TEST_HOST)";
				FRAMEWORK_SEARCH_PATHS = (
					"$(SDKROOT)/Developer/Library/Frameworks",
					"$(inherited)",
				);
				INFOPLIST_FILE = HelloWorldTests/Info.plist;
				LD_RUNPATH_SEARCH_PATHS = "$(inherited) @executable_path/Frameworks @loader_path/Frameworks";
				PRODUCT_NAME = "$(TARGET_NAME)";
				TEST_HOST = "$(BUILT_PRODUCTS_DIR)/HelloWorld.app/HelloWorld";
			};
			name = Release;
		};
/* End XCBuildConfiguration section */

/* Begin XCConfigurationList section */
		9948D50719F7727B00AB7639 /* Build configuration list for PBXProject "HelloWorld" */ = {
			isa = XCConfigurationList;
			buildConfigurations = (
				9948D52919F7727C00AB7639 /* Debug */,
				9948D52A19F7727C00AB7639 /* Release */,
			);
			defaultConfigurationIsVisible = 0;
			defaultConfigurationName = Release;
		};
		9948D52B19F7727C00AB7639 /* Build configuration list for PBXNativeTarget "HelloWorld" */ = {
			isa = XCConfigurationList;
			buildConfigurations = (
				9948D52C19F7727C00AB7639 /* Debug */,
				9948D52D19F7727C00AB7639 /* Release */,
			);
			defaultConfigurationIsVisible = 0;
		};
		9948D52E19F7727C00AB7639 /* Build configuration list for PBXNativeTarget "HelloWorldTests" */ = {
			isa = XCConfigurationList;
			buildConfigurations = (
				9948D52F19F7727C00AB7639 /* Debug */,
				9948D53019F7727C00AB7639 /* Release */,
			);
			defaultConfigurationIsVisible = 0;
		};
/* End XCConfigurationList section */
	};
	rootObject = 9948D50419F7727B00AB7639 /* Project object */;
}
