// !$*UTF8*$!
{
	archiveVersion = 1;
	classes = {
	};
	objectVersion = 46;
	objects = {

/* Begin PBXBuildFile section */
		8DA6963A194D3EFA00EC0C29 /* AppDelegate.swift in Sources */ = {isa = PBXBuildFile; fileRef = 8DA69639194D3EFA00EC0C29 /* AppDelegate.swift */; };
		8DA6963C194D3EFA00EC0C29 /* MasterViewController.swift in Sources */ = {isa = PBXBuildFile; fileRef = 8DA6963B194D3EFA00EC0C29 /* MasterViewController.swift */; };
		8DA6963E194D3EFA00EC0C29 /* DetailViewController.swift in Sources */ = {isa = PBXBuildFile; fileRef = 8DA6963D194D3EFA00EC0C29 /* DetailViewController.swift */; };
		8DA69641194D3EFA00EC0C29 /* Main.storyboard in Resources */ = {isa = PBXBuildFile; fileRef = 8DA6963F194D3EFA00EC0C29 /* Main.storyboard */; };
		8DA69643194D3EFA00EC0C29 /* Images.xcassets in Resources */ = {isa = PBXBuildFile; fileRef = 8DA69642194D3EFA00EC0C29 /* Images.xcassets */; };
		8DA6964F194D3EFA00EC0C29 /* com_ci_app1Tests.swift in Sources */ = {isa = PBXBuildFile; fileRef = 8DA6964E194D3EFA00EC0C29 /* com_ci_app1Tests.swift */; };
/* End PBXBuildFile section */

/* Begin PBXContainerItemProxy section */
		8DA69649194D3EFA00EC0C29 /* PBXContainerItemProxy */ = {
			isa = PBXContainerItemProxy;
			containerPortal = 8DA6962C194D3EFA00EC0C29 /* Project object */;
			proxyType = 1;
			remoteGlobalIDString = 8DA69633194D3EFA00EC0C29;
			remoteInfo = com.ci.app1;
		};
/* End PBXContainerItemProxy section */

/* Begin PBXFileReference section */
		8DA69634194D3EFA00EC0C29 /* com.ci.app1.app */ = {isa = PBXFileReference; explicitFileType = wrapper.application; includeInIndex = 0; path = com.ci.app1.app; sourceTree = BUILT_PRODUCTS_DIR; };
		8DA69638194D3EFA00EC0C29 /* Info.plist */ = {isa = PBXFileReference; lastKnownFileType = text.plist.xml; path = Info.plist; sourceTree = "<group>"; };
		8DA69639194D3EFA00EC0C29 /* AppDelegate.swift */ = {isa = PBXFileReference; lastKnownFileType = sourcecode.swift; path = AppDelegate.swift; sourceTree = "<group>"; };
		8DA6963B194D3EFA00EC0C29 /* MasterViewController.swift */ = {isa = PBXFileReference; lastKnownFileType = sourcecode.swift; path = MasterViewController.swift; sourceTree = "<group>"; };
		8DA6963D194D3EFA00EC0C29 /* DetailViewController.swift */ = {isa = PBXFileReference; lastKnownFileType = sourcecode.swift; path = DetailViewController.swift; sourceTree = "<group>"; };
		8DA69640194D3EFA00EC0C29 /* Base */ = {isa = PBXFileReference; lastKnownFileType = file.storyboard; name = Base; path = Base.lproj/Main.storyboard; sourceTree = "<group>"; };
		8DA69642194D3EFA00EC0C29 /* Images.xcassets */ = {isa = PBXFileReference; lastKnownFileType = folder.assetcatalog; path = Images.xcassets; sourceTree = "<group>"; };
		8DA69648194D3EFA00EC0C29 /* com.ci.app1Tests.xctest */ = {isa = PBXFileReference; explicitFileType = wrapper.cfbundle; includeInIndex = 0; path = com.ci.app1Tests.xctest; sourceTree = BUILT_PRODUCTS_DIR; };
		8DA6964D194D3EFA00EC0C29 /* Info.plist */ = {isa = PBXFileReference; lastKnownFileType = text.plist.xml; path = Info.plist; sourceTree = "<group>"; };
		8DA6964E194D3EFA00EC0C29 /* com_ci_app1Tests.swift */ = {isa = PBXFileReference; lastKnownFileType = sourcecode.swift; path = com_ci_app1Tests.swift; sourceTree = "<group>"; };
/* End PBXFileReference section */

/* Begin PBXFrameworksBuildPhase section */
		8DA69631194D3EFA00EC0C29 /* Frameworks */ = {
			isa = PBXFrameworksBuildPhase;
			buildActionMask = 2147483647;
			files = (
			);
			runOnlyForDeploymentPostprocessing = 0;
		};
		8DA69645194D3EFA00EC0C29 /* Frameworks */ = {
			isa = PBXFrameworksBuildPhase;
			buildActionMask = 2147483647;
			files = (
			);
			runOnlyForDeploymentPostprocessing = 0;
		};
/* End PBXFrameworksBuildPhase section */

/* Begin PBXGroup section */
		8DA6962B194D3EFA00EC0C29 = {
			isa = PBXGroup;
			children = (
				8DA69636194D3EFA00EC0C29 /* com.ci.app1 */,
				8DA6964B194D3EFA00EC0C29 /* com.ci.app1Tests */,
				8DA69635194D3EFA00EC0C29 /* Products */,
			);
			sourceTree = "<group>";
		};
		8DA69635194D3EFA00EC0C29 /* Products */ = {
			isa = PBXGroup;
			children = (
				8DA69634194D3EFA00EC0C29 /* com.ci.app1.app */,
				8DA69648194D3EFA00EC0C29 /* com.ci.app1Tests.xctest */,
			);
			name = Products;
			sourceTree = "<group>";
		};
		8DA69636194D3EFA00EC0C29 /* com.ci.app1 */ = {
			isa = PBXGroup;
			children = (
				8DA69639194D3EFA00EC0C29 /* AppDelegate.swift */,
				8DA6963B194D3EFA00EC0C29 /* MasterViewController.swift */,
				8DA6963D194D3EFA00EC0C29 /* DetailViewController.swift */,
				8DA6963F194D3EFA00EC0C29 /* Main.storyboard */,
				8DA69642194D3EFA00EC0C29 /* Images.xcassets */,
				8DA69637194D3EFA00EC0C29 /* Supporting Files */,
			);
			path = com.ci.app1;
			sourceTree = "<group>";
		};
		8DA69637194D3EFA00EC0C29 /* Supporting Files */ = {
			isa = PBXGroup;
			children = (
				8DA69638194D3EFA00EC0C29 /* Info.plist */,
			);
			name = "Supporting Files";
			sourceTree = "<group>";
		};
		8DA6964B194D3EFA00EC0C29 /* com.ci.app1Tests */ = {
			isa = PBXGroup;
			children = (
				8DA6964E194D3EFA00EC0C29 /* com_ci_app1Tests.swift */,
				8DA6964C194D3EFA00EC0C29 /* Supporting Files */,
			);
			path = com.ci.app1Tests;
			sourceTree = "<group>";
		};
		8DA6964C194D3EFA00EC0C29 /* Supporting Files */ = {
			isa = PBXGroup;
			children = (
				8DA6964D194D3EFA00EC0C29 /* Info.plist */,
			);
			name = "Supporting Files";
			sourceTree = "<group>";
		};
/* End PBXGroup section */

/* Begin PBXNativeTarget section */
		8DA69633194D3EFA00EC0C29 /* com.ci.app1 */ = {
			isa = PBXNativeTarget;
			buildConfigurationList = 8DA69652194D3EFA00EC0C29 /* Build configuration list for PBXNativeTarget "com.ci.app1" */;
			buildPhases = (
				8DA69630194D3EFA00EC0C29 /* Sources */,
				8DA69631194D3EFA00EC0C29 /* Frameworks */,
				8DA69632194D3EFA00EC0C29 /* Resources */,
			);
			buildRules = (
			);
			dependencies = (
			);
			name = com.ci.app1;
			productName = com.ci.app1;
			productReference = 8DA69634194D3EFA00EC0C29 /* com.ci.app1.app */;
			productType = "com.apple.product-type.application";
		};
		8DA69647194D3EFA00EC0C29 /* com.ci.app1Tests */ = {
			isa = PBXNativeTarget;
			buildConfigurationList = 8DA69655194D3EFA00EC0C29 /* Build configuration list for PBXNativeTarget "com.ci.app1Tests" */;
			buildPhases = (
				8DA69644194D3EFA00EC0C29 /* Sources */,
				8DA69645194D3EFA00EC0C29 /* Frameworks */,
				8DA69646194D3EFA00EC0C29 /* Resources */,
			);
			buildRules = (
			);
			dependencies = (
				8DA6964A194D3EFA00EC0C29 /* PBXTargetDependency */,
			);
			name = com.ci.app1Tests;
			productName = com.ci.app1Tests;
			productReference = 8DA69648194D3EFA00EC0C29 /* com.ci.app1Tests.xctest */;
			productType = "com.apple.product-type.bundle.unit-test";
		};
/* End PBXNativeTarget section */

/* Begin PBXProject section */
		8DA6962C194D3EFA00EC0C29 /* Project object */ = {
			isa = PBXProject;
			attributes = {
				LastUpgradeCheck = 0600;
				ORGANIZATIONNAME = "Aaron Saunders";
				TargetAttributes = {
					8DA69633194D3EFA00EC0C29 = {
						CreatedOnToolsVersion = 6.0;
					};
					8DA69647194D3EFA00EC0C29 = {
						CreatedOnToolsVersion = 6.0;
						TestTargetID = 8DA69633194D3EFA00EC0C29;
					};
				};
			};
			buildConfigurationList = 8DA6962F194D3EFA00EC0C29 /* Build configuration list for PBXProject "com.ci.app1" */;
			compatibilityVersion = "Xcode 3.2";
			developmentRegion = English;
			hasScannedForEncodings = 0;
			knownRegions = (
				en,
				Base,
			);
			mainGroup = 8DA6962B194D3EFA00EC0C29;
			productRefGroup = 8DA69635194D3EFA00EC0C29 /* Products */;
			projectDirPath = "";
			projectRoot = "";
			targets = (
				8DA69633194D3EFA00EC0C29 /* com.ci.app1 */,
				8DA69647194D3EFA00EC0C29 /* com.ci.app1Tests */,
			);
		};
/* End PBXProject section */

/* Begin PBXResourcesBuildPhase section */
		8DA69632194D3EFA00EC0C29 /* Resources */ = {
			isa = PBXResourcesBuildPhase;
			buildActionMask = 2147483647;
			files = (
				8DA69641194D3EFA00EC0C29 /* Main.storyboard in Resources */,
				8DA69643194D3EFA00EC0C29 /* Images.xcassets in Resources */,
			);
			runOnlyForDeploymentPostprocessing = 0;
		};
		8DA69646194D3EFA00EC0C29 /* Resources */ = {
			isa = PBXResourcesBuildPhase;
			buildActionMask = 2147483647;
			files = (
			);
			runOnlyForDeploymentPostprocessing = 0;
		};
/* End PBXResourcesBuildPhase section */

/* Begin PBXSourcesBuildPhase section */
		8DA69630194D3EFA00EC0C29 /* Sources */ = {
			isa = PBXSourcesBuildPhase;
			buildActionMask = 2147483647;
			files = (
				8DA6963E194D3EFA00EC0C29 /* DetailViewController.swift in Sources */,
				8DA6963C194D3EFA00EC0C29 /* MasterViewController.swift in Sources */,
				8DA6963A194D3EFA00EC0C29 /* AppDelegate.swift in Sources */,
			);
			runOnlyForDeploymentPostprocessing = 0;
		};
		8DA69644194D3EFA00EC0C29 /* Sources */ = {
			isa = PBXSourcesBuildPhase;
			buildActionMask = 2147483647;
			files = (
				8DA6964F194D3EFA00EC0C29 /* com_ci_app1Tests.swift in Sources */,
			);
			runOnlyForDeploymentPostprocessing = 0;
		};
/* End PBXSourcesBuildPhase section */

/* Begin PBXTargetDependency section */
		8DA6964A194D3EFA00EC0C29 /* PBXTargetDependency */ = {
			isa = PBXTargetDependency;
			target = 8DA69633194D3EFA00EC0C29 /* com.ci.app1 */;
			targetProxy = 8DA69649194D3EFA00EC0C29 /* PBXContainerItemProxy */;
		};
/* End PBXTargetDependency section */

/* Begin PBXVariantGroup section */
		8DA6963F194D3EFA00EC0C29 /* Main.storyboard */ = {
			isa = PBXVariantGroup;
			children = (
				8DA69640194D3EFA00EC0C29 /* Base */,
			);
			name = Main.storyboard;
			sourceTree = "<group>";
		};
/* End PBXVariantGroup section */

/* Begin XCBuildConfiguration section */
		8DA69650194D3EFA00EC0C29 /* Debug */ = {
			isa = XCBuildConfiguration;
			buildSettings = {
				ALWAYS_SEARCH_USER_PATHS = NO;
				CLANG_CXX_LANGUAGE_STANDARD = "gnu++0x";
				CLANG_CXX_LIBRARY = "libc++";
				CLANG_ENABLE_MODULES = YES;
				CLANG_ENABLE_OBJC_ARC = YES;
				CLANG_WARN_BOOL_CONVERSION = YES;
				CLANG_WARN_CONSTANT_CONVERSION = YES;
				CLANG_WARN_DIRECT_OBJC_ISA_USAGE = YES_ERROR;
				CLANG_WARN_EMPTY_BODY = YES;
				CLANG_WARN_ENUM_CONVERSION = YES;
				CLANG_WARN_INT_CONVERSION = YES;
				CLANG_WARN_OBJC_ROOT_CLASS = YES_ERROR;
				CLANG_WARN_UNREACHABLE_CODE = YES;
				CLANG_WARN__DUPLICATE_METHOD_MATCH = YES;
				"CODE_SIGN_IDENTITY[sdk=iphoneos*]" = "iPhone Developer";
				COPY_PHASE_STRIP = NO;
				ENABLE_STRICT_OBJC_MSGSEND = YES;
				GCC_C_LANGUAGE_STANDARD = gnu99;
				GCC_DYNAMIC_NO_PIC = NO;
				GCC_OPTIMIZATION_LEVEL = 0;
				GCC_PREPROCESSOR_DEFINITIONS = (
					"DEBUG=1",
					"$(inherited)",
				);
				GCC_SYMBOLS_PRIVATE_EXTERN = NO;
				GCC_WARN_64_TO_32_BIT_CONVERSION = YES;
				GCC_WARN_ABOUT_RETURN_TYPE = YES_ERROR;
				GCC_WARN_UNDECLARED_SELECTOR = YES;
				GCC_WARN_UNINITIALIZED_AUTOS = YES_AGGRESSIVE;
				GCC_WARN_UNUSED_FUNCTION = YES;
				GCC_WARN_UNUSED_VARIABLE = YES;
				IPHONEOS_DEPLOYMENT_TARGET = 8.0;
				METAL_ENABLE_DEBUG_INFO = YES;
				ONLY_ACTIVE_ARCH = YES;
				SDKROOT = iphoneos;
				SWIFT_OPTIMIZATION_LEVEL = "-Onone";
				TARGETED_DEVICE_FAMILY = "1,2";
			};
			name = Debug;
		};
		8DA69651194D3EFA00EC0C29 /* Release */ = {
			isa = XCBuildConfiguration;
			buildSettings = {
				ALWAYS_SEARCH_USER_PATHS = NO;
				CLANG_CXX_LANGUAGE_STANDARD = "gnu++0x";
				CLANG_CXX_LIBRARY = "libc++";
				CLANG_ENABLE_MODULES = YES;
				CLANG_ENABLE_OBJC_ARC = YES;
				CLANG_WARN_BOOL_CONVERSION = YES;
				CLANG_WARN_CONSTANT_CONVERSION = YES;
				CLANG_WARN_DIRECT_OBJC_ISA_USAGE = YES_ERROR;
				CLANG_WARN_EMPTY_BODY = YES;
				CLANG_WARN_ENUM_CONVERSION = YES;
				CLANG_WARN_INT_CONVERSION = YES;
				CLANG_WARN_OBJC_ROOT_CLASS = YES_ERROR;
				CLANG_WARN_UNREACHABLE_CODE = YES;
				CLANG_WARN__DUPLICATE_METHOD_MATCH = YES;
				"CODE_SIGN_IDENTITY[sdk=iphoneos*]" = "iPhone Developer";
				COPY_PHASE_STRIP = YES;
				ENABLE_NS_ASSERTIONS = NO;
				ENABLE_STRICT_OBJC_MSGSEND = YES;
				GCC_C_LANGUAGE_STANDARD = gnu99;
				GCC_WARN_64_TO_32_BIT_CONVERSION = YES;
				GCC_WARN_ABOUT_RETURN_TYPE = YES_ERROR;
				GCC_WARN_UNDECLARED_SELECTOR = YES;
				GCC_WARN_UNINITIALIZED_AUTOS = YES_AGGRESSIVE;
				GCC_WARN_UNUSED_FUNCTION = YES;
				GCC_WARN_UNUSED_VARIABLE = YES;
				IPHONEOS_DEPLOYMENT_TARGET = 8.0;
				METAL_ENABLE_DEBUG_INFO = NO;
				SDKROOT = iphoneos;
				TARGETED_DEVICE_FAMILY = "1,2";
				VALIDATE_PRODUCT = YES;
			};
			name = Release;
		};
		8DA69653194D3EFA00EC0C29 /* Debug */ = {
			isa = XCBuildConfiguration;
			buildSettings = {
				ASSETCATALOG_COMPILER_APPICON_NAME = AppIcon;
				ASSETCATALOG_COMPILER_LAUNCHIMAGE_NAME = LaunchImage;
				INFOPLIST_FILE = com.ci.app1/Info.plist;
				LD_RUNPATH_SEARCH_PATHS = "$(inherited) @executable_path/Frameworks";
				PRODUCT_NAME = "$(TARGET_NAME)";
			};
			name = Debug;
		};
		8DA69654194D3EFA00EC0C29 /* Release */ = {
			isa = XCBuildConfiguration;
			buildSettings = {
				ASSETCATALOG_COMPILER_APPICON_NAME = AppIcon;
				ASSETCATALOG_COMPILER_LAUNCHIMAGE_NAME = LaunchImage;
				INFOPLIST_FILE = com.ci.app1/Info.plist;
				LD_RUNPATH_SEARCH_PATHS = "$(inherited) @executable_path/Frameworks";
				PRODUCT_NAME = "$(TARGET_NAME)";
			};
			name = Release;
		};
		8DA69656194D3EFA00EC0C29 /* Debug */ = {
			isa = XCBuildConfiguration;
			buildSettings = {
				BUNDLE_LOADER = "$(BUILT_PRODUCTS_DIR)/com.ci.app1.app/com.ci.app1";
				FRAMEWORK_SEARCH_PATHS = (
					"$(SDKROOT)/Developer/Library/Frameworks",
					"$(inherited)",
				);
				GCC_PREPROCESSOR_DEFINITIONS = (
					"DEBUG=1",
					"$(inherited)",
				);
				INFOPLIST_FILE = com.ci.app1Tests/Info.plist;
				LD_RUNPATH_SEARCH_PATHS = "$(inherited) @executable_path/Frameworks @loader_path/Frameworks";
				METAL_ENABLE_DEBUG_INFO = YES;
				PRODUCT_NAME = "$(TARGET_NAME)";
				TEST_HOST = "$(BUNDLE_LOADER)";
			};
			name = Debug;
		};
		8DA69657194D3EFA00EC0C29 /* Release */ = {
			isa = XCBuildConfiguration;
			buildSettings = {
				BUNDLE_LOADER = "$(BUILT_PRODUCTS_DIR)/com.ci.app1.app/com.ci.app1";
				FRAMEWORK_SEARCH_PATHS = (
					"$(SDKROOT)/Developer/Library/Frameworks",
					"$(inherited)",
				);
				INFOPLIST_FILE = com.ci.app1Tests/Info.plist;
				LD_RUNPATH_SEARCH_PATHS = "$(inherited) @executable_path/Frameworks @loader_path/Frameworks";
				METAL_ENABLE_DEBUG_INFO = NO;
				PRODUCT_NAME = "$(TARGET_NAME)";
				TEST_HOST = "$(BUNDLE_LOADER)";
			};
			name = Release;
		};
/* End XCBuildConfiguration section */

/* Begin XCConfigurationList section */
		8DA6962F194D3EFA00EC0C29 /* Build configuration list for PBXProject "com.ci.app1" */ = {
			isa = XCConfigurationList;
			buildConfigurations = (
				8DA69650194D3EFA00EC0C29 /* Debug */,
				8DA69651194D3EFA00EC0C29 /* Release */,
			);
			defaultConfigurationIsVisible = 0;
			defaultConfigurationName = Release;
		};
		8DA69652194D3EFA00EC0C29 /* Build configuration list for PBXNativeTarget "com.ci.app1" */ = {
			isa = XCConfigurationList;
			buildConfigurations = (
				8DA69653194D3EFA00EC0C29 /* Debug */,
				8DA69654194D3EFA00EC0C29 /* Release */,
			);
			defaultConfigurationIsVisible = 0;
		};
		8DA69655194D3EFA00EC0C29 /* Build configuration list for PBXNativeTarget "com.ci.app1Tests" */ = {
			isa = XCConfigurationList;
			buildConfigurations = (
				8DA69656194D3EFA00EC0C29 /* Debug */,
				8DA69657194D3EFA00EC0C29 /* Release */,
			);
			defaultConfigurationIsVisible = 0;
		};
/* End XCConfigurationList section */
	};
	rootObject = 8DA6962C194D3EFA00EC0C29 /* Project object */;
}
